{"format_version":"1.0","provider_schemas":{"registry.terraform.io/gridscale/gridscale":{"provider":{"version":0,"block":{"attributes":{"api_url":{"type":"string","description":"the url for the gridscale API.","description_kind":"plain","optional":true},"http_headers":{"type":"string","description":"Custom HTTP headers","description_kind":"plain","optional":true},"max_n_retries":{"type":"number","description":"Custom maximum number of retries. The retryable requests can be retried up to max_n_retries. If max_n_retries is reached and the request is not successful, the last error is returned.","description_kind":"plain","optional":true},"request_delay_interval":{"type":"number","description":"Custom request delay interval in ms. This time interval is used to delay the synchronous request checks, or delay retryable requests.","description_kind":"plain","optional":true},"token":{"type":"string","description":"API-token for the gridscale API.","description_kind":"plain","optional":true},"uuid":{"type":"string","description":"User-UUID for the gridscale API.","description_kind":"plain","optional":true}},"description_kind":"plain"}},"resource_schemas":{"gridscale_backupschedule":{"version":0,"block":{"attributes":{"active":{"type":"bool","description":"The status of the schedule active or not","description_kind":"plain","required":true},"backup_location_name":{"type":"string","description":"The human-readable name of backup location. It supports the full UTF-8 character set, with a maximum of 64 characters.","description_kind":"plain","computed":true},"backup_location_uuid":{"type":"string","description":"UUID of the location where your backup is stored.","description_kind":"plain","optional":true,"computed":true},"change_time":{"type":"string","description":"Defines the date and time of the last object change","description_kind":"plain","computed":true},"create_time":{"type":"string","description":"Defines the date and time the object was initially created","description_kind":"plain","computed":true},"id":{"type":"string","description_kind":"plain","optional":true,"computed":true},"keep_backups":{"type":"number","description":"The amount of storage backups to keep before overwriting the last created backup","description_kind":"plain","required":true},"name":{"type":"string","description":"The human-readable name of the object","description_kind":"plain","required":true},"next_runtime":{"type":"string","description":"The date and time that the storage backup schedule will be run. Format: \"2006-01-02 15:04:05\"","description_kind":"plain","required":true},"next_runtime_computed":{"type":"string","description":"The date and time that the storage backup schedule will be run. This date and time is computed by gridscale's server.","description_kind":"plain","computed":true},"run_interval":{"type":"number","description":"The interval at which the schedule will run (in minutes)","description_kind":"plain","required":true},"status":{"type":"string","description":"Status indicates the status of the object","description_kind":"plain","computed":true},"storage_backups":{"type":["set",["object",{"create_time":"string","name":"string","object_uuid":"string"}]],"description":"Related backups","description_kind":"plain","computed":true},"storage_uuid":{"type":"string","description":"UUID of the storage used to create storage backups","description_kind":"plain","required":true}},"block_types":{"timeouts":{"nesting_mode":"single","block":{"attributes":{"create":{"type":"string","description_kind":"plain","optional":true},"delete":{"type":"string","description_kind":"plain","optional":true},"update":{"type":"string","description_kind":"plain","optional":true}},"description_kind":"plain"}}},"description_kind":"plain"}},"gridscale_filesystem":{"version":0,"block":{"attributes":{"allowed_ip_ranges":{"type":["set","string"],"description":"Allowed CIDR block or IP address in CIDR notation.","description_kind":"plain","optional":true},"anon_gid":{"type":"number","description":"Target group id when root squash is active.","description_kind":"plain","optional":true},"anon_uid":{"type":"number","description":"Target user id when root squash is active.","description_kind":"plain","optional":true},"change_time":{"type":"string","description":"Time of the last change.","description_kind":"plain","computed":true},"create_time":{"type":"string","description":"Date time this service has been created.","description_kind":"plain","computed":true},"id":{"type":"string","description_kind":"plain","optional":true,"computed":true},"labels":{"type":["set","string"],"description":"List of labels.","description_kind":"plain","optional":true},"listen_port":{"type":["set",["object",{"host":"string","name":"string","port":"number"}]],"description":"The port numbers where this Filesystem service accepts connections.","description_kind":"plain","computed":true},"name":{"type":"string","description":"The human-readable name of the object. It supports the full UTF-8 character set, with a maximum of 64 characters.","description_kind":"plain","required":true},"network_uuid":{"type":"string","description":"The UUID of the network that the service is attached to.","description_kind":"plain","optional":true,"computed":true},"performance_class":{"type":"string","description":"Performance class of Filesystem service.","description_kind":"plain","required":true},"release":{"type":"string","description":"The Filesystem service release of this instance.\\n\n\t\t\t\tFor convenience, please use gscloud https://github.com/gridscale/gscloud to get the list of available Filesystem service releases.","description_kind":"plain","required":true},"root_squash":{"type":"bool","description":"Map root user/group ownership to anon_uid/anon_gid","description_kind":"plain","optional":true},"security_zone_uuid":{"type":"string","description":"Security zone UUID linked to Filesystem service.","description_kind":"plain","deprecated":true,"optional":true,"computed":true},"service_template_category":{"type":"string","description":"The template service's category used to create the service.","description_kind":"plain","computed":true},"service_template_uuid":{"type":"string","description":"PaaS service template that Filesystem service uses.","description_kind":"plain","computed":true},"status":{"type":"string","description":"Current status of Filesystem service.","description_kind":"plain","computed":true},"usage_in_minutes":{"type":"number","description":"Number of minutes that Filesystem service is in use.","description_kind":"plain","computed":true}},"block_types":{"timeouts":{"nesting_mode":"single","block":{"attributes":{"create":{"type":"string","description_kind":"plain","optional":true},"delete":{"type":"string","description_kind":"plain","optional":true},"update":{"type":"string","description_kind":"plain","optional":true}},"description_kind":"plain"}}},"description_kind":"plain"}},"gridscale_firewall":{"version":0,"block":{"attributes":{"change_time":{"type":"string","description":"The date and time of the last object change.","description_kind":"plain","computed":true},"create_time":{"type":"string","description":"The date and time the object was initially created.","description_kind":"plain","computed":true},"description":{"type":"string","description":"Description of the Firewall.","description_kind":"plain","computed":true},"id":{"type":"string","description_kind":"plain","optional":true,"computed":true},"labels":{"type":["set","string"],"description":"List of labels.","description_kind":"plain","optional":true},"location_name":{"type":"string","description":"The human-readable name of the location. It supports the full UTF-8 character set, with a maximum of 64 characters","description_kind":"plain","computed":true},"name":{"type":"string","description":"The human-readable name of the object. It supports the full UTF-8 character set, with a maximum of 64 characters","description_kind":"plain","required":true},"network":{"type":["set",["object",{"create_time":"string","network_name":"string","network_uuid":"string","object_name":"string","object_uuid":"string"}]],"description_kind":"plain","computed":true},"private":{"type":"bool","description":"The object is private, the value will be true. Otherwise the value will be false.","description_kind":"plain","computed":true},"status":{"type":"string","description":"Status indicates the status of the object","description_kind":"plain","computed":true}},"block_types":{"rules_v4_in":{"nesting_mode":"list","block":{"attributes":{"action":{"type":"string","description":"This defines what the firewall will do. Either accept or drop.","description_kind":"plain","required":true},"comment":{"type":"string","description":"Comment.","description_kind":"plain","optional":true},"dst_cidr":{"type":"string","description":"Either an IPv4/6 address or and IP Network in CIDR format. If this field is empty then all IPs have access to this service.","description_kind":"plain","optional":true},"dst_port":{"type":"string","description":"A Number between 1 and 65535, port ranges are seperated by a colon for FTP","description_kind":"plain","optional":true},"order":{"type":"number","description":"The order at which the firewall will compare packets against its rules.\nA packet will be compared against the first rule, it will either allow it to pass or block it\nand it won't be matched against any other rules. However, if it does no match the rule,\nthen it will proceed onto rule 2. Packets that do not match any rules are blocked by default (Only for inbound).","description_kind":"plain","required":true},"protocol":{"type":"string","description":"Either 'udp' or 'tcp'","description_kind":"plain","required":true},"src_cidr":{"type":"string","description":"Either an IPv4/6 address or and IP Network in CIDR format. If this field is empty then this service has access to all IPs.","description_kind":"plain","optional":true},"src_port":{"type":"string","description":"A Number between 1 and 65535, port ranges are seperated by a colon for FTP","description_kind":"plain","optional":true}},"description_kind":"plain"}},"rules_v4_out":{"nesting_mode":"list","block":{"attributes":{"action":{"type":"string","description":"This defines what the firewall will do. Either accept or drop.","description_kind":"plain","required":true},"comment":{"type":"string","description":"Comment.","description_kind":"plain","optional":true},"dst_cidr":{"type":"string","description":"Either an IPv4/6 address or and IP Network in CIDR format. If this field is empty then all IPs have access to this service.","description_kind":"plain","optional":true},"dst_port":{"type":"string","description":"A Number between 1 and 65535, port ranges are seperated by a colon for FTP","description_kind":"plain","optional":true},"order":{"type":"number","description":"The order at which the firewall will compare packets against its rules.\nA packet will be compared against the first rule, it will either allow it to pass or block it\nand it won't be matched against any other rules. However, if it does no match the rule,\nthen it will proceed onto rule 2. Packets that do not match any rules are blocked by default (Only for inbound).","description_kind":"plain","required":true},"protocol":{"type":"string","description":"Either 'udp' or 'tcp'","description_kind":"plain","required":true},"src_cidr":{"type":"string","description":"Either an IPv4/6 address or and IP Network in CIDR format. If this field is empty then this service has access to all IPs.","description_kind":"plain","optional":true},"src_port":{"type":"string","description":"A Number between 1 and 65535, port ranges are seperated by a colon for FTP","description_kind":"plain","optional":true}},"description_kind":"plain"}},"rules_v6_in":{"nesting_mode":"list","block":{"attributes":{"action":{"type":"string","description":"This defines what the firewall will do. Either accept or drop.","description_kind":"plain","required":true},"comment":{"type":"string","description":"Comment.","description_kind":"plain","optional":true},"dst_cidr":{"type":"string","description":"Either an IPv4/6 address or and IP Network in CIDR format. If this field is empty then all IPs have access to this service.","description_kind":"plain","optional":true},"dst_port":{"type":"string","description":"A Number between 1 and 65535, port ranges are seperated by a colon for FTP","description_kind":"plain","optional":true},"order":{"type":"number","description":"The order at which the firewall will compare packets against its rules.\nA packet will be compared against the first rule, it will either allow it to pass or block it\nand it won't be matched against any other rules. However, if it does no match the rule,\nthen it will proceed onto rule 2. Packets that do not match any rules are blocked by default (Only for inbound).","description_kind":"plain","required":true},"protocol":{"type":"string","description":"Either 'udp' or 'tcp'","description_kind":"plain","required":true},"src_cidr":{"type":"string","description":"Either an IPv4/6 address or and IP Network in CIDR format. If this field is empty then this service has access to all IPs.","description_kind":"plain","optional":true},"src_port":{"type":"string","description":"A Number between 1 and 65535, port ranges are seperated by a colon for FTP","description_kind":"plain","optional":true}},"description_kind":"plain"}},"rules_v6_out":{"nesting_mode":"list","block":{"attributes":{"action":{"type":"string","description":"This defines what the firewall will do. Either accept or drop.","description_kind":"plain","required":true},"comment":{"type":"string","description":"Comment.","description_kind":"plain","optional":true},"dst_cidr":{"type":"string","description":"Either an IPv4/6 address or and IP Network in CIDR format. If this field is empty then all IPs have access to this service.","description_kind":"plain","optional":true},"dst_port":{"type":"string","description":"A Number between 1 and 65535, port ranges are seperated by a colon for FTP","description_kind":"plain","optional":true},"order":{"type":"number","description":"The order at which the firewall will compare packets against its rules.\nA packet will be compared against the first rule, it will either allow it to pass or block it\nand it won't be matched against any other rules. However, if it does no match the rule,\nthen it will proceed onto rule 2. Packets that do not match any rules are blocked by default (Only for inbound).","description_kind":"plain","required":true},"protocol":{"type":"string","description":"Either 'udp' or 'tcp'","description_kind":"plain","required":true},"src_cidr":{"type":"string","description":"Either an IPv4/6 address or and IP Network in CIDR format. If this field is empty then this service has access to all IPs.","description_kind":"plain","optional":true},"src_port":{"type":"string","description":"A Number between 1 and 65535, port ranges are seperated by a colon for FTP","description_kind":"plain","optional":true}},"description_kind":"plain"}},"timeouts":{"nesting_mode":"single","block":{"attributes":{"create":{"type":"string","description_kind":"plain","optional":true},"delete":{"type":"string","description_kind":"plain","optional":true},"update":{"type":"string","description_kind":"plain","optional":true}},"description_kind":"plain"}}},"description_kind":"plain"}},"gridscale_ipv4":{"version":0,"block":{"attributes":{"change_time":{"type":"string","description":"The date and time of the last object change.","description_kind":"plain","computed":true},"create_time":{"type":"string","description":"The date and time the object was initially created.","description_kind":"plain","computed":true},"current_price":{"type":"number","description":"Defines the price for the current period since the last bill.","description_kind":"plain","computed":true},"delete_block":{"type":"bool","description":"Defines if the object is administratively blocked. If true, it can not be deleted by the user.","description_kind":"plain","computed":true},"failover":{"type":"bool","description":"Sets failover mode for this IP. If true, then this IP is no longer available for DHCP and can no longer be related to any server.","description_kind":"plain","optional":true},"id":{"type":"string","description_kind":"plain","optional":true,"computed":true},"ip":{"type":"string","description":"Defines the IP address.","description_kind":"plain","computed":true},"labels":{"type":["set","string"],"description":"List of labels.","description_kind":"plain","optional":true},"location_country":{"type":"string","description":"Two digit country code (ISO 3166-2) of the location where this object is placed.","description_kind":"plain","computed":true},"location_iata":{"type":"string","description":"Uses IATA airport code, which works as a location identifier","description_kind":"plain","computed":true},"location_name":{"type":"string","description":"The human-readable name of the location. It supports the full UTF-8 character set, with a maximum of 64 characters","description_kind":"plain","computed":true},"location_uuid":{"type":"string","description":"The location this object is placed.","description_kind":"plain","computed":true},"name":{"type":"string","description":"The human-readable name of the object. It supports the full UTF-8 character set, with a maximum of 64 characters.","description_kind":"plain","optional":true},"prefix":{"type":"string","description_kind":"plain","computed":true},"reverse_dns":{"type":"string","description":"Defines the reverse DNS entry for the IP address (PTR Resource Record).","description_kind":"plain","optional":true,"computed":true},"status":{"type":"string","description_kind":"plain","computed":true},"usage_in_minutes":{"type":"number","description_kind":"plain","computed":true}},"block_types":{"timeouts":{"nesting_mode":"single","block":{"attributes":{"create":{"type":"string","description_kind":"plain","optional":true},"delete":{"type":"string","description_kind":"plain","optional":true},"update":{"type":"string","description_kind":"plain","optional":true}},"description_kind":"plain"}}},"description_kind":"plain"}},"gridscale_ipv6":{"version":0,"block":{"attributes":{"change_time":{"type":"string","description":"The date and time of the last object change","description_kind":"plain","computed":true},"create_time":{"type":"string","description":"The date and time the object was initially created","description_kind":"plain","computed":true},"current_price":{"type":"number","description":"Defines the price for the current period since the last bill.","description_kind":"plain","computed":true},"delete_block":{"type":"bool","description":"Defines if the object is administratively blocked. If true, it can not be deleted by the user.","description_kind":"plain","computed":true},"failover":{"type":"bool","description":"Sets failover mode for this IP. If true, then this IP is no longer available for DHCP and can no longer be related to any server.","description_kind":"plain","optional":true},"id":{"type":"string","description_kind":"plain","optional":true,"computed":true},"ip":{"type":"string","description":"Defines the IP address.","description_kind":"plain","computed":true},"labels":{"type":["set","string"],"description":"List of labels.","description_kind":"plain","optional":true},"location_country":{"type":"string","description":"Two digit country code (ISO 3166-2) of the location where this object is placed.","description_kind":"plain","computed":true},"location_iata":{"type":"string","description":"Uses IATA airport code, which works as a location identifier","description_kind":"plain","computed":true},"location_name":{"type":"string","description":"The human-readable name of the location. It supports the full UTF-8 character set, with a maximum of 64 characters","description_kind":"plain","computed":true},"location_uuid":{"type":"string","description":"The location this object is placed.","description_kind":"plain","computed":true},"name":{"type":"string","description":"The human-readable name of the object. It supports the full UTF-8 character set, with a maximum of 64 characters.","description_kind":"plain","optional":true},"prefix":{"type":"string","description_kind":"plain","computed":true},"reverse_dns":{"type":"string","description":"Defines the reverse DNS entry for the IP address (PTR Resource Record).","description_kind":"plain","optional":true,"computed":true},"status":{"type":"string","description_kind":"plain","computed":true},"usage_in_minutes":{"type":"number","description_kind":"plain","computed":true}},"block_types":{"timeouts":{"nesting_mode":"single","block":{"attributes":{"create":{"type":"string","description_kind":"plain","optional":true},"delete":{"type":"string","description_kind":"plain","optional":true},"update":{"type":"string","description_kind":"plain","optional":true}},"description_kind":"plain"}}},"description_kind":"plain"}},"gridscale_isoimage":{"version":0,"block":{"attributes":{"capacity":{"type":"number","description":"The capacity of a storage/ISO image/template/snapshot in GB.","description_kind":"plain","computed":true},"change_time":{"type":"string","description":"The date and time of the last object change.","description_kind":"plain","computed":true},"create_time":{"type":"string","description":"The date and time the object was initially created.","description_kind":"plain","computed":true},"current_price":{"type":"number","description":"Defines the price for the current period since the last bill.","description_kind":"plain","computed":true},"description":{"type":"string","description":"Description of the ISO image.","description_kind":"plain","computed":true},"id":{"type":"string","description_kind":"plain","optional":true,"computed":true},"labels":{"type":["set","string"],"description":"List of labels.","description_kind":"plain","optional":true},"location_country":{"type":"string","description":"Two digit country code (ISO 3166-2) of the location where this object is placed.","description_kind":"plain","computed":true},"location_iata":{"type":"string","description":"Uses IATA airport code, which works as a location identifier","description_kind":"plain","computed":true},"location_name":{"type":"string","description":"The human-readable name of the location. It supports the full UTF-8 character set, with a maximum of 64 characters","description_kind":"plain","computed":true},"location_uuid":{"type":"string","description":"The location this object is placed.","description_kind":"plain","computed":true},"name":{"type":"string","description":"The human-readable name of the object. It supports the full UTF-8 character set, with a maximum of 64 characters.","description_kind":"plain","required":true},"private":{"type":"bool","description":"The object is private, the value will be true. Otherwise the value will be false.","description_kind":"plain","computed":true},"server":{"type":["set",["object",{"bootdevice":"bool","create_time":"string","object_name":"string","object_uuid":"string"}]],"description":"The information about servers which are related to this ISO image.","description_kind":"plain","computed":true},"source_url":{"type":"string","description":"Contains the source URL of the ISO image that it was originally fetched from.","description_kind":"plain","required":true},"status":{"type":"string","description":"Status indicates the status of the object","description_kind":"plain","computed":true},"usage_in_minutes":{"type":"number","description":"Total minutes the object has been running.","description_kind":"plain","computed":true},"version":{"type":"string","description":"Upstream version of the ISO image release","description_kind":"plain","computed":true}},"block_types":{"timeouts":{"nesting_mode":"single","block":{"attributes":{"create":{"type":"string","description_kind":"plain","optional":true},"delete":{"type":"string","description_kind":"plain","optional":true},"update":{"type":"string","description_kind":"plain","optional":true}},"description_kind":"plain"}}},"description_kind":"plain"}},"gridscale_k8s":{"version":0,"block":{"attributes":{"audit_log_enabled":{"type":"bool","description":"Enable Kubernetes audit logs.","description_kind":"plain","optional":true,"computed":true},"audit_log_level":{"type":"string","description":"Audit log level.","description_kind":"plain","optional":true,"computed":true},"change_time":{"type":"string","description":"Time of the last change","description_kind":"plain","computed":true},"cluster_cidr":{"type":"string","description":"The cluster CIDR that will be used to generate the CIDR of nodes, services, and pods. The allowed CIDR prefix length is /16. If this field is empty, the default value is \"10.244.0.0/16\"","description_kind":"plain","optional":true,"computed":true},"cluster_traffic_encryption":{"type":"bool","description":"Enables cluster encryption via wireguard if true. Only available for GSK version 1.29 and above. Default is false.","description_kind":"plain","optional":true},"create_time":{"type":"string","description":"Time this service was created.","description_kind":"plain","computed":true},"gsk_version":{"type":"string","description":"The gridscale k8s PaaS version (issued by gridscale) of this instance.","description_kind":"plain","optional":true},"hubble":{"type":"bool","description":"Enable hubble integration.","description_kind":"plain","optional":true,"computed":true},"id":{"type":"string","description_kind":"plain","optional":true,"computed":true},"k8s_hubble":{"type":"bool","description":"Enables Hubble Integration.","description_kind":"plain","optional":true,"computed":true},"k8s_private_network_uuid":{"type":"string","description":"Private network UUID which k8s nodes are attached to. It can be used to attach other PaaS/VMs.","description_kind":"plain","computed":true},"kube_apiserver_log_enabled":{"type":"bool","description":"Enable kube-apiserver logs.","description_kind":"plain","optional":true,"computed":true},"kubeconfig":{"type":"string","description":"K8s config data","description_kind":"plain","computed":true,"sensitive":true},"labels":{"type":["set","string"],"description":"List of labels.","description_kind":"plain","optional":true},"listen_port":{"type":["set",["object",{"name":"string","port":"number"}]],"description":"The port number where this k8s service accepts connections.","description_kind":"plain","computed":true},"log_delivery":{"type":"bool","description":"Enable control plane log delivery.","description_kind":"plain","optional":true,"computed":true},"log_delivery_access_key":{"type":"string","description":"Access key used to authenticate against Object Storage endpoint.","description_kind":"plain","optional":true,"computed":true},"log_delivery_bucket":{"type":"string","description":"Bucket to upload logs to.","description_kind":"plain","optional":true,"computed":true},"log_delivery_endpoint":{"type":"string","description":"Object Storage endpoint URL the bucket is located on.","description_kind":"plain","optional":true,"computed":true},"log_delivery_interval":{"type":"number","description":"Time interval (in min), at which log files will be delivered, unless file size limit is reached first.","description_kind":"plain","optional":true,"computed":true},"log_delivery_secret_key":{"type":"string","description":"Secret key used to authenticate against Object Storage endpoint.","description_kind":"plain","optional":true,"computed":true},"name":{"type":"string","description":"The human-readable name of the object. It supports the full UTF-8 character set, with a maximum of 64 characters.","description_kind":"plain","required":true},"network_uuid":{"type":"string","description":"Network UUID containing security zone","description_kind":"plain","deprecated":true,"computed":true},"oidc_ca_pem":{"type":"string","description":"Custom CA from customer in pem format as string.","description_kind":"plain","optional":true,"computed":true},"oidc_client_id":{"type":"string","description":"A client ID that all tokens must be issued for.","description_kind":"plain","optional":true,"computed":true},"oidc_enabled":{"type":"bool","description":"Disable or enable OIDC","description_kind":"plain","optional":true,"computed":true},"oidc_groups_claim":{"type":"string","description":"JWT claim to use as the user's group.","description_kind":"plain","optional":true,"computed":true},"oidc_groups_prefix":{"type":"string","description":"Prefix prepended to group claims to prevent clashes with existing names (such as system: groups). For example, the value oidc: will create group names like oidc:engineering and oidc:infra.","description_kind":"plain","optional":true,"computed":true},"oidc_issuer_url":{"type":"string","description":"URL of the provider that allows the API server to discover public signing keys. Only URLs that use the https:// scheme are accepted.","description_kind":"plain","optional":true,"computed":true},"oidc_required_claim":{"type":"string","description":"A key=value pair that describes a required claim in the ID Token. Multiple claims can be set like this: key1=value1,key2=value2","description_kind":"plain","optional":true,"computed":true},"oidc_signing_algs":{"type":"string","description":"The signing algorithms accepted. Default is 'RS256'. Other option is 'RS512'.","description_kind":"plain","optional":true,"computed":true},"oidc_username_claim":{"type":"string","description":"JWT claim to use as the user name.","description_kind":"plain","optional":true,"computed":true},"oidc_username_prefix":{"type":"string","description":"Prefix prepended to username claims to prevent clashes with existing names (such as system: users). For example, the value oidc: will create usernames like oidc:jane.doe. If this flag isn't provided and --oidc-username-claim is a value other than email the prefix defaults to ( Issuer URL )# where ( Issuer URL ) is the value of --oidc-issuer-url. The value - can be used to disable all prefixing.","description_kind":"plain","optional":true,"computed":true},"release":{"type":"string","description":"The k8s release of this instance.","description_kind":"plain","optional":true},"security_zone_uuid":{"type":"string","description":"Security zone UUID linked to PaaS service.","description_kind":"plain","deprecated":true,"optional":true,"computed":true},"service_template_uuid":{"type":"string","description":"PaaS service template identifier for this service.","description_kind":"plain","computed":true},"status":{"type":"string","description":"Current status of the service","description_kind":"plain","computed":true},"surge_node":{"type":"bool","description":"Enable surge node to avoid resources shortage during the cluster upgrade.","description_kind":"plain","optional":true,"computed":true},"usage_in_minutes":{"type":"number","description":"Number of minutes that PaaS service is in use","description_kind":"plain","computed":true}},"block_types":{"node_pool":{"nesting_mode":"list","block":{"attributes":{"cores":{"type":"number","description":"Cores per worker node.","description_kind":"plain","required":true},"memory":{"type":"number","description":"Memory per worker node (in GiB).","description_kind":"plain","required":true},"name":{"type":"string","description":"Name of node pool.","description_kind":"plain","required":true},"node_count":{"type":"number","description":"Number of worker nodes.","description_kind":"plain","required":true},"rocket_storage":{"type":"number","description":"Rocket storage per worker node (in GiB).","description_kind":"plain","optional":true},"storage":{"type":"number","description":"Storage per worker node (in GiB).","description_kind":"plain","required":true},"storage_type":{"type":"string","description":"Storage type.","description_kind":"plain","required":true}},"description":"Define a node pool and its attributes.","description_kind":"plain"},"min_items":1},"timeouts":{"nesting_mode":"single","block":{"attributes":{"create":{"type":"string","description_kind":"plain","optional":true},"delete":{"type":"string","description_kind":"plain","optional":true},"update":{"type":"string","description_kind":"plain","optional":true}},"description_kind":"plain"}}},"description_kind":"plain"}},"gridscale_loadbalancer":{"version":0,"block":{"attributes":{"algorithm":{"type":"string","description":"The algorithm used to process requests. Accepted values: roundrobin/leastconn.","description_kind":"plain","required":true},"id":{"type":"string","description_kind":"plain","optional":true,"computed":true},"labels":{"type":["set","string"],"description":"List of labels.","description_kind":"plain","optional":true},"listen_ipv4_uuid":{"type":"string","description":"The UUID of the IPv4 address the Load balancer will listen to for incoming requests.","description_kind":"plain","required":true},"listen_ipv6_uuid":{"type":"string","description":"The UUID of the IPv6 address the Load balancer will listen to for incoming requests.","description_kind":"plain","required":true},"location_uuid":{"type":"string","description":"The location this object is placed.","description_kind":"plain","computed":true},"name":{"type":"string","description":"The human-readable name of the object. It supports the full UTF-8 character set, with a maximum of 64 characters","description_kind":"plain","required":true},"redirect_http_to_https":{"type":"bool","description":"Whether the Load balancer is forced to redirect requests from HTTP to HTTPS","description_kind":"plain","required":true},"status":{"type":"string","description":"Status indicates the status of the object.","description_kind":"plain","optional":true}},"block_types":{"backend_server":{"nesting_mode":"set","block":{"attributes":{"host":{"type":"string","description_kind":"plain","required":true},"proxy_protocol":{"type":"string","description_kind":"plain","optional":true},"weight":{"type":"number","description_kind":"plain","optional":true}},"description":"List of backend servers.","description_kind":"plain"},"min_items":1},"forwarding_rule":{"nesting_mode":"set","block":{"attributes":{"certificate_uuid":{"type":"string","description":"The UUID of a custom certificate.","description_kind":"plain","optional":true},"letsencrypt_ssl":{"type":"string","description":"A valid domain name that points to the loadbalancer's IP address.","description_kind":"plain","optional":true},"listen_port":{"type":"number","description":"Specifies the entry port of the load balancer.","description_kind":"plain","required":true},"mode":{"type":"string","description":"Supports HTTP and TCP mode. Valid values: http, tcp.","description_kind":"plain","required":true},"target_port":{"type":"number","description":"Specifies the exit port that the load balancer uses to forward the traffic to the backend server.","description_kind":"plain","required":true}},"description":"List of forwarding rules for the Load balancer.","description_kind":"plain"},"min_items":1},"timeouts":{"nesting_mode":"single","block":{"attributes":{"create":{"type":"string","description_kind":"plain","optional":true},"delete":{"type":"string","description_kind":"plain","optional":true},"update":{"type":"string","description_kind":"plain","optional":true}},"description_kind":"plain"}}},"description_kind":"plain"}},"gridscale_mariadb":{"version":0,"block":{"attributes":{"change_time":{"type":"string","description":"Time of the last change.","description_kind":"plain","computed":true},"create_time":{"type":"string","description":"Date time this service has been created.","description_kind":"plain","computed":true},"id":{"type":"string","description_kind":"plain","optional":true,"computed":true},"labels":{"type":["set","string"],"description":"List of labels.","description_kind":"plain","optional":true},"listen_port":{"type":["set",["object",{"host":"string","name":"string","port":"number"}]],"description":"The port numbers where this MariaDB service accepts connections.","description_kind":"plain","computed":true},"mariadb_binlog_format":{"type":"string","description":"Binary Logging Format.","description_kind":"plain","optional":true},"mariadb_default_time_zone":{"type":"string","description":"Server Timezone.","description_kind":"plain","optional":true},"mariadb_log_bin":{"type":"bool","description":"Binary Logging.","description_kind":"plain","optional":true},"mariadb_max_allowed_packet":{"type":"string","description":"Max Allowed Packet Size. Format: xM (where x is an integer, M stands for unit: k(kB), M(MB), G(GB)).","description_kind":"plain","optional":true},"mariadb_max_connections":{"type":"number","description":"Max Connections.","description_kind":"plain","optional":true},"mariadb_query_cache":{"type":"bool","description":"Enable query cache.","description_kind":"plain","optional":true},"mariadb_query_cache_limit":{"type":"string","description":"Query Cache Limit. Format: xM (where x is an integer, M stands for unit: k(kB), M(MB), G(GB)).","description_kind":"plain","optional":true},"mariadb_query_cache_size":{"type":"string","description":"Query Cache Size. Format: xM (where x is an integer, M stands for unit: k(kB), M(MB), G(GB)).","description_kind":"plain","optional":true},"mariadb_server_id":{"type":"number","description":"Server Id.","description_kind":"plain","optional":true},"mariadb_sql_mode":{"type":"string","description":"SQL Mode.","description_kind":"plain","optional":true},"max_core_count":{"type":"number","description":"Maximum CPU core count. The MariaDB instance's CPU core count will be autoscaled based on the workload. The number of cores stays between 1 and `max_core_count`.","description_kind":"plain","optional":true,"computed":true},"name":{"type":"string","description":"The human-readable name of the object. It supports the full UTF-8 character set, with a maximum of 64 characters.","description_kind":"plain","required":true},"network_uuid":{"type":"string","description":"The UUID of the network that the service is attached to.","description_kind":"plain","optional":true,"computed":true},"password":{"type":"string","description":"Password for MariaDB service. It is used to connect to the MariaDB instance.","description_kind":"plain","computed":true,"sensitive":true},"performance_class":{"type":"string","description":"Performance class of MariaDB service.","description_kind":"plain","required":true},"release":{"type":"string","description":"The MariaDB release of this instance.\\n\n\t\t\t\tFor convenience, please use gscloud https://github.com/gridscale/gscloud to get the list of available MariaDB service releases.","description_kind":"plain","required":true},"security_zone_uuid":{"type":"string","description":"Security zone UUID linked to MariaDB service.","description_kind":"plain","deprecated":true,"optional":true,"computed":true},"service_template_category":{"type":"string","description":"The template service's category used to create the service.","description_kind":"plain","computed":true},"service_template_uuid":{"type":"string","description":"PaaS service template that MariaDB service uses.","description_kind":"plain","computed":true},"status":{"type":"string","description":"Current status of MariaDB service.","description_kind":"plain","computed":true},"usage_in_minutes":{"type":"number","description":"Number of minutes that MariaDB service is in use.","description_kind":"plain","computed":true},"username":{"type":"string","description":"Username for MariaDB service. It is used to connect to the MariaDB instance.","description_kind":"plain","computed":true,"sensitive":true}},"block_types":{"timeouts":{"nesting_mode":"single","block":{"attributes":{"create":{"type":"string","description_kind":"plain","optional":true},"delete":{"type":"string","description_kind":"plain","optional":true},"update":{"type":"string","description_kind":"plain","optional":true}},"description_kind":"plain"}}},"description_kind":"plain"}},"gridscale_marketplace_application":{"version":0,"block":{"attributes":{"category":{"type":"string","description":"Category of marketplace application. Accepted values: \"CMS\", \"project management\", \"Adminpanel\", \"Collaboration\", \"Cloud Storage\", \"Archiving\"","description_kind":"plain","required":true},"change_time":{"type":"string","description":"Defines the date and time of the last object change","description_kind":"plain","computed":true},"create_time":{"type":"string","description":"Defines the date and time the object was initially created","description_kind":"plain","computed":true},"id":{"type":"string","description_kind":"plain","optional":true,"computed":true},"is_application_owner":{"type":"bool","description":"Whether the you are the owner of application or not","description_kind":"plain","computed":true},"is_publish_global":{"type":"bool","description":"Whether a template is published to other partner or not","description_kind":"plain","computed":true},"is_publish_global_requested":{"type":"bool","description":"Whether a partner wants their tenant template published to other partners","description_kind":"plain","computed":true},"is_publish_requested":{"type":"bool","description":"Whether the tenants want their template to be published or not","description_kind":"plain","computed":true},"is_published":{"type":"bool","description":"Whether the template is published by the partner to their tenant","description_kind":"plain","computed":true},"meta_advices":{"type":"string","description_kind":"plain","optional":true},"meta_author":{"type":"string","description_kind":"plain","optional":true},"meta_components":{"type":["set","string"],"description_kind":"plain","optional":true},"meta_features":{"type":"string","description_kind":"plain","optional":true},"meta_hints":{"type":"string","description_kind":"plain","optional":true},"meta_icon":{"type":"string","description_kind":"plain","optional":true},"meta_license":{"type":"string","description_kind":"plain","optional":true},"meta_os":{"type":"string","description_kind":"plain","optional":true},"meta_overview":{"type":"string","description_kind":"plain","optional":true},"meta_terms_of_use":{"type":"string","description_kind":"plain","optional":true},"name":{"type":"string","description":"The human-readable name of the object. It supports the full UTF-8 character set, with a maximum of 64 characters","description_kind":"plain","required":true},"object_storage_path":{"type":"string","description":"Path to the images for the application, must be in .gz format and started with s3//","description_kind":"plain","required":true},"publish":{"type":"bool","description":"Whether you want to publish your application or not","description_kind":"plain","optional":true},"publish_global_requested_date":{"type":"string","description":"The date when a partner requested their tenants template to be published","description_kind":"plain","computed":true},"publish_requested_date":{"type":"string","description":"The date when the tenant requested their template to be published","description_kind":"plain","computed":true},"published_date":{"type":"string","description":"The date when the template is published into other tenant in the same partner","description_kind":"plain","computed":true},"published_global_date":{"type":"string","description":"The date when a template is published to other partner","description_kind":"plain","computed":true},"setup_cores":{"type":"number","description":"Number of server's cores","description_kind":"plain","required":true},"setup_memory":{"type":"number","description":"The capacity of server's memory in GB","description_kind":"plain","required":true},"setup_storage_capacity":{"type":"number","description":"The capacity of server's storage in GB","description_kind":"plain","required":true},"status":{"type":"string","description":"status indicates the status of the object","description_kind":"plain","computed":true},"type":{"type":"string","description":"The type of template","description_kind":"plain","computed":true},"unique_hash":{"type":"string","description":"Unique hash to allow user to import the self-created marketplace application","description_kind":"plain","computed":true}},"block_types":{"timeouts":{"nesting_mode":"single","block":{"attributes":{"create":{"type":"string","description_kind":"plain","optional":true},"delete":{"type":"string","description_kind":"plain","optional":true},"update":{"type":"string","description_kind":"plain","optional":true}},"description_kind":"plain"}}},"description_kind":"plain"}},"gridscale_marketplace_application_import":{"version":0,"block":{"attributes":{"category":{"type":"string","description":"Category of marketplace application. Accepted values: \"CMS\", \"project management\", \"Adminpanel\", \"Collaboration\", \"Cloud Storage\", \"Archiving\"","description_kind":"plain","computed":true},"change_time":{"type":"string","description":"Defines the date and time of the last object change","description_kind":"plain","computed":true},"create_time":{"type":"string","description":"Defines the date and time the object was initially created","description_kind":"plain","computed":true},"id":{"type":"string","description_kind":"plain","optional":true,"computed":true},"import_unique_hash":{"type":"string","description":"Hash of a specific marketplace application that you want to import","description_kind":"plain","required":true},"is_application_owner":{"type":"bool","description":"Whether the you are the owner of application or not","description_kind":"plain","computed":true},"is_publish_global":{"type":"bool","description":"Whether a template is published to other partner or not","description_kind":"plain","computed":true},"is_publish_global_requested":{"type":"bool","description":"Whether a partner wants their tenant template published to other partners","description_kind":"plain","computed":true},"is_publish_requested":{"type":"bool","description":"Whether the tenants want their template to be published or not","description_kind":"plain","computed":true},"is_published":{"type":"bool","description":"Whether the template is published by the partner to their tenant","description_kind":"plain","computed":true},"meta_advices":{"type":"string","description_kind":"plain","computed":true},"meta_author":{"type":"string","description_kind":"plain","computed":true},"meta_components":{"type":["set","string"],"description_kind":"plain","computed":true},"meta_features":{"type":"string","description_kind":"plain","computed":true},"meta_hints":{"type":"string","description_kind":"plain","computed":true},"meta_icon":{"type":"string","description_kind":"plain","computed":true},"meta_license":{"type":"string","description_kind":"plain","computed":true},"meta_os":{"type":"string","description_kind":"plain","computed":true},"meta_overview":{"type":"string","description_kind":"plain","computed":true},"meta_terms_of_use":{"type":"string","description_kind":"plain","computed":true},"name":{"type":"string","description":"The human-readable name of the object. It supports the full UTF-8 character set, with a maximum of 64 characters","description_kind":"plain","computed":true},"object_storage_path":{"type":"string","description":"Path to the images for the application, must be in .gz format and started with s3//","description_kind":"plain","computed":true},"publish_global_requested_date":{"type":"string","description":"The date when a partner requested their tenants template to be published","description_kind":"plain","computed":true},"publish_requested_date":{"type":"string","description":"The date when the tenant requested their template to be published","description_kind":"plain","computed":true},"published_date":{"type":"string","description":"The date when the template is published into other tenant in the same partner","description_kind":"plain","computed":true},"published_global_date":{"type":"string","description":"The date when a template is published to other partner","description_kind":"plain","computed":true},"setup_cores":{"type":"number","description":"Number of server's cores","description_kind":"plain","computed":true},"setup_memory":{"type":"number","description":"The capacity of server's memory in GB","description_kind":"plain","computed":true},"setup_storage_capacity":{"type":"number","description":"The capacity of server's storage in GB","description_kind":"plain","computed":true},"status":{"type":"string","description":"status indicates the status of the object","description_kind":"plain","computed":true},"type":{"type":"string","description":"The type of template","description_kind":"plain","computed":true},"unique_hash":{"type":"string","description":"Unique hash to allow user to import the self-created marketplace application","description_kind":"plain","computed":true}},"block_types":{"timeouts":{"nesting_mode":"single","block":{"attributes":{"create":{"type":"string","description_kind":"plain","optional":true},"delete":{"type":"string","description_kind":"plain","optional":true},"update":{"type":"string","description_kind":"plain","optional":true}},"description_kind":"plain"}}},"description_kind":"plain"}},"gridscale_memcached":{"version":0,"block":{"attributes":{"change_time":{"type":"string","description":"Time of the last change.","description_kind":"plain","computed":true},"create_time":{"type":"string","description":"Date time this service has been created.","description_kind":"plain","computed":true},"id":{"type":"string","description_kind":"plain","optional":true,"computed":true},"labels":{"type":["set","string"],"description":"List of labels.","description_kind":"plain","optional":true},"listen_port":{"type":["set",["object",{"host":"string","name":"string","port":"number"}]],"description":"The port numbers where this Memcached service accepts connections.","description_kind":"plain","computed":true},"max_core_count":{"type":"number","description":"Maximum CPU core count. The Memcached instance's CPU core count will be autoscaled based on the workload. The number of cores stays between 1 and `max_core_count`.","description_kind":"plain","optional":true,"computed":true},"name":{"type":"string","description":"The human-readable name of the object. It supports the full UTF-8 character set, with a maximum of 64 characters.","description_kind":"plain","required":true},"network_uuid":{"type":"string","description":"The UUID of the network that the service is attached to.","description_kind":"plain","optional":true,"computed":true},"password":{"type":"string","description":"Password for Memcached service. It is used to connect to the Memcached instance.","description_kind":"plain","computed":true,"sensitive":true},"performance_class":{"type":"string","description":"Performance class of Memcached service.","description_kind":"plain","required":true},"release":{"type":"string","description":"The Memcached release of this instance.\\n\n\t\t\t\tFor convenience, please use gscloud https://github.com/gridscale/gscloud to get the list of available Memcached service releases.","description_kind":"plain","required":true},"security_zone_uuid":{"type":"string","description":"Security zone UUID linked to Memcached service.","description_kind":"plain","deprecated":true,"optional":true,"computed":true},"service_template_category":{"type":"string","description":"The template service's category used to create the service.","description_kind":"plain","computed":true},"service_template_uuid":{"type":"string","description":"PaaS service template that Memcached service uses.","description_kind":"plain","computed":true},"status":{"type":"string","description":"Current status of Memcached service.","description_kind":"plain","computed":true},"usage_in_minutes":{"type":"number","description":"Number of minutes that Memcached service is in use.","description_kind":"plain","computed":true},"username":{"type":"string","description":"Username for Memcached service. It is used to connect to the Memcached instance.","description_kind":"plain","computed":true,"sensitive":true}},"block_types":{"timeouts":{"nesting_mode":"single","block":{"attributes":{"create":{"type":"string","description_kind":"plain","optional":true},"delete":{"type":"string","description_kind":"plain","optional":true},"update":{"type":"string","description_kind":"plain","optional":true}},"description_kind":"plain"}}},"description_kind":"plain","deprecated":true}},"gridscale_mysql":{"version":0,"block":{"attributes":{"change_time":{"type":"string","description":"Time of the last change.","description_kind":"plain","computed":true},"create_time":{"type":"string","description":"Date time this service has been created.","description_kind":"plain","computed":true},"id":{"type":"string","description_kind":"plain","optional":true,"computed":true},"labels":{"type":["set","string"],"description":"List of labels.","description_kind":"plain","optional":true},"listen_port":{"type":["set",["object",{"host":"string","name":"string","port":"number"}]],"description":"The port numbers where this MySQL service accepts connections.","description_kind":"plain","computed":true},"max_core_count":{"type":"number","description":"Maximum CPU core count. The MySQL instance's CPU core count will be autoscaled based on the workload. The number of cores stays between 1 and `max_core_count`.","description_kind":"plain","optional":true,"computed":true},"mysql_binlog_format":{"type":"string","description":"Binary Logging Format.","description_kind":"plain","optional":true},"mysql_default_time_zone":{"type":"string","description":"Server Timezone.","description_kind":"plain","optional":true},"mysql_log_bin":{"type":"bool","description":"Binary Logging.","description_kind":"plain","optional":true},"mysql_max_allowed_packet":{"type":"string","description":"Max Allowed Packet Size. Format: xM (where x is an integer, M stands for unit: k(kB), M(MB), G(GB)).","description_kind":"plain","optional":true},"mysql_max_connections":{"type":"number","description":"Max Connections.","description_kind":"plain","optional":true},"mysql_query_cache":{"type":"bool","description":"Enable query cache.","description_kind":"plain","optional":true},"mysql_query_cache_limit":{"type":"string","description":"Query Cache Limit. Format: xM (where x is an integer, M stands for unit: k(kB), M(MB), G(GB)).","description_kind":"plain","optional":true},"mysql_query_cache_size":{"type":"string","description":"Query Cache Size. Format: xM (where x is an integer, M stands for unit: k(kB), M(MB), G(GB)).","description_kind":"plain","optional":true},"mysql_server_id":{"type":"number","description":"Server Id.","description_kind":"plain","optional":true},"mysql_sql_mode":{"type":"string","description":"SQL Mode.","description_kind":"plain","optional":true},"name":{"type":"string","description":"The human-readable name of the object. It supports the full UTF-8 character set, with a maximum of 64 characters.","description_kind":"plain","required":true},"network_uuid":{"type":"string","description":"The UUID of the network that the service is attached to.","description_kind":"plain","optional":true,"computed":true},"password":{"type":"string","description":"Password for MySQL service. It is used to connect to the MySQL instance.","description_kind":"plain","computed":true,"sensitive":true},"performance_class":{"type":"string","description":"Performance class of MySQL service.","description_kind":"plain","required":true},"release":{"type":"string","description":"The MySQL release of this instance.\\n\n\t\t\t\tFor convenience, please use gscloud https://github.com/gridscale/gscloud to get the list of available MySQL service releases.","description_kind":"plain","required":true},"security_zone_uuid":{"type":"string","description":"Security zone UUID linked to MySQL service.","description_kind":"plain","deprecated":true,"optional":true,"computed":true},"service_template_category":{"type":"string","description":"The template service's category used to create the service.","description_kind":"plain","computed":true},"service_template_uuid":{"type":"string","description":"PaaS service template that MySQL service uses.","description_kind":"plain","computed":true},"status":{"type":"string","description":"Current status of MySQL service.","description_kind":"plain","computed":true},"usage_in_minutes":{"type":"number","description":"Number of minutes that MySQL service is in use.","description_kind":"plain","computed":true},"username":{"type":"string","description":"Username for MySQL service. It is used to connect to the MySQL instance.","description_kind":"plain","computed":true,"sensitive":true}},"block_types":{"timeouts":{"nesting_mode":"single","block":{"attributes":{"create":{"type":"string","description_kind":"plain","optional":true},"delete":{"type":"string","description_kind":"plain","optional":true},"update":{"type":"string","description_kind":"plain","optional":true}},"description_kind":"plain"}}},"description_kind":"plain"}},"gridscale_mysql8_0":{"version":0,"block":{"attributes":{"change_time":{"type":"string","description":"Time of the last change.","description_kind":"plain","computed":true},"create_time":{"type":"string","description":"Date time this service has been created.","description_kind":"plain","computed":true},"id":{"type":"string","description_kind":"plain","optional":true,"computed":true},"labels":{"type":["set","string"],"description":"List of labels.","description_kind":"plain","optional":true},"listen_port":{"type":["set",["object",{"host":"string","name":"string","port":"number"}]],"description":"The port numbers where this MySQL service accepts connections.","description_kind":"plain","computed":true},"max_core_count":{"type":"number","description":"Maximum CPU core count. The MySQL instance's CPU core count will be autoscaled based on the workload. The number of cores stays between 1 and `max_core_count`.","description_kind":"plain","optional":true,"computed":true},"mysql_default_time_zone":{"type":"string","description":"Server Timezone.","description_kind":"plain","optional":true},"mysql_max_allowed_packet":{"type":"string","description":"Max Allowed Packet Size. Format: xM (where x is an integer, M stands for unit: k(kB), M(MB), G(GB)).","description_kind":"plain","optional":true},"mysql_max_connections":{"type":"number","description":"Max Connections.","description_kind":"plain","optional":true},"mysql_sql_mode":{"type":"string","description":"SQL Mode.","description_kind":"plain","optional":true},"name":{"type":"string","description":"The human-readable name of the object. It supports the full UTF-8 character set, with a maximum of 64 characters.","description_kind":"plain","required":true},"network_uuid":{"type":"string","description":"The UUID of the network that the service is attached to.","description_kind":"plain","optional":true,"computed":true},"password":{"type":"string","description":"Password for MySQL service. It is used to connect to the MySQL instance.","description_kind":"plain","computed":true,"sensitive":true},"performance_class":{"type":"string","description":"Performance class of MySQL service.","description_kind":"plain","required":true},"release":{"type":"string","description":"The MySQL release of this instance.\\n\n\t\t\t\tFor convenience, please use gscloud https://github.com/gridscale/gscloud to get the list of available MySQL service releases.","description_kind":"plain","required":true},"security_zone_uuid":{"type":"string","description":"Security zone UUID linked to MySQL service.","description_kind":"plain","deprecated":true,"optional":true,"computed":true},"service_template_category":{"type":"string","description":"The template service's category used to create the service.","description_kind":"plain","computed":true},"service_template_uuid":{"type":"string","description":"PaaS service template that MySQL service uses.","description_kind":"plain","computed":true},"status":{"type":"string","description":"Current status of MySQL service.","description_kind":"plain","computed":true},"usage_in_minutes":{"type":"number","description":"Number of minutes that MySQL service is in use.","description_kind":"plain","computed":true},"username":{"type":"string","description":"Username for MySQL service. It is used to connect to the MySQL instance.","description_kind":"plain","computed":true,"sensitive":true}},"block_types":{"timeouts":{"nesting_mode":"single","block":{"attributes":{"create":{"type":"string","description_kind":"plain","optional":true},"delete":{"type":"string","description_kind":"plain","optional":true},"update":{"type":"string","description_kind":"plain","optional":true}},"description_kind":"plain"}}},"description_kind":"plain"}},"gridscale_network":{"version":0,"block":{"attributes":{"auto_assigned_servers":{"type":["set",["object",{"ip":"string","server_uuid":"string"}]],"description":"A list of server UUIDs with the corresponding IPs that are designated by the DHCP server.","description_kind":"plain","computed":true},"change_time":{"type":"string","description":"The date and time of the last object change","description_kind":"plain","computed":true},"create_time":{"type":"string","description":"The date and time the object was initially created","description_kind":"plain","computed":true},"delete_block":{"type":"bool","description":"If deleting this network is allowed","description_kind":"plain","computed":true},"dhcp_active":{"type":"bool","description":"Enable DHCP.","description_kind":"plain","optional":true},"dhcp_dns":{"type":"string","description":"DHCP DNS.","description_kind":"plain","optional":true},"dhcp_gateway":{"type":"string","description":"The IP address reserved and communicated by the dhcp service to be the default gateway.","description_kind":"plain","optional":true},"dhcp_range":{"type":"string","description":"The general IP Range configured for this network (/24 for private networks). If it is not set, gridscale internal default range is used. \n\t\t\t\tIf it is not set and DHCP is enabled, dhcp_range will be set by the backend automatically.","description_kind":"plain","optional":true,"computed":true},"dhcp_reserved_subnet":{"type":["set","string"],"description":"Subrange within the IP range.","description_kind":"plain","optional":true},"id":{"type":"string","description_kind":"plain","optional":true,"computed":true},"l2security":{"type":"bool","description":"MAC spoofing protection - filters layer2 and ARP traffic based on source MAC","description_kind":"plain","optional":true},"labels":{"type":["set","string"],"description":"List of labels.","description_kind":"plain","optional":true},"location_country":{"type":"string","description":"Two digit country code (ISO 3166-2) of the location where this object is placed.","description_kind":"plain","computed":true},"location_iata":{"type":"string","description":"Uses IATA airport code, which works as a location identifier","description_kind":"plain","computed":true},"location_name":{"type":"string","description":"The human-readable name of the location. It supports the full UTF-8 character set, with a maximum of 64 characters","description_kind":"plain","computed":true},"location_uuid":{"type":"string","description":"The location this object is placed.","description_kind":"plain","computed":true},"name":{"type":"string","description":"The human-readable name of the object. It supports the full UTF-8 character set, with a maximum of 64 characters.","description_kind":"plain","required":true},"network_type":{"type":"string","description":"The type of this network, can be mpls, breakout or network.","description_kind":"plain","computed":true},"pinned_servers":{"type":["set",["object",{"ip":"string","server_uuid":"string"}]],"description":"A list of server UUIDs with the corresponding IPs that are designated by the user.","description_kind":"plain","computed":true},"status":{"type":"string","description":"status indicates the status of the object.","description_kind":"plain","computed":true}},"block_types":{"timeouts":{"nesting_mode":"single","block":{"attributes":{"create":{"type":"string","description_kind":"plain","optional":true},"delete":{"type":"string","description_kind":"plain","optional":true},"update":{"type":"string","description_kind":"plain","optional":true}},"description_kind":"plain"}}},"description_kind":"plain"}},"gridscale_object_storage_accesskey":{"version":0,"block":{"attributes":{"access_key":{"type":"string","description":"The object storage secret_key.","description_kind":"plain","computed":true,"sensitive":true},"comment":{"type":"string","description":"Comment for the access_key.","description_kind":"plain","optional":true,"computed":true},"id":{"type":"string","description_kind":"plain","optional":true,"computed":true},"secret_key":{"type":"string","description":"The object storage access_key.","description_kind":"plain","computed":true,"sensitive":true},"user_uuid":{"type":"string","description":"If a user_uuid is set, a user-specific key will get created. \n\t\t\t\tIf no user_uuid is set along a user with write-access to the contract will still only create \n\t\t\t\ta user-specific key for themselves while a user with admin-access to the contract will create \n\t\t\t\ta contract-level admin key.","description_kind":"plain","optional":true,"computed":true}},"block_types":{"timeouts":{"nesting_mode":"single","block":{"attributes":{"create":{"type":"string","description_kind":"plain","optional":true},"delete":{"type":"string","description_kind":"plain","optional":true}},"description_kind":"plain"}}},"description_kind":"plain"}},"gridscale_object_storage_bucket":{"version":0,"block":{"attributes":{"access_key":{"type":"string","description":"The object storage secret_key.","description_kind":"plain","required":true,"sensitive":true},"bucket_name":{"type":"string","description":"The name of the bucket.","description_kind":"plain","required":true},"id":{"type":"string","description_kind":"plain","optional":true,"computed":true},"s3_host":{"type":"string","description":"The S3 host.","description_kind":"plain","optional":true},"secret_key":{"type":"string","description":"The object storage access_key.","description_kind":"plain","required":true,"sensitive":true}},"block_types":{"timeouts":{"nesting_mode":"single","block":{"attributes":{"create":{"type":"string","description_kind":"plain","optional":true},"delete":{"type":"string","description_kind":"plain","optional":true}},"description_kind":"plain"}}},"description_kind":"plain"}},"gridscale_paas":{"version":0,"block":{"attributes":{"change_time":{"type":"string","description":"Time of the last change","description_kind":"plain","computed":true},"create_time":{"type":"string","description":"Time of the creation","description_kind":"plain","computed":true},"current_price":{"type":"number","description":"Current price of PaaS service","description_kind":"plain","computed":true},"id":{"type":"string","description_kind":"plain","optional":true,"computed":true},"kubeconfig":{"type":"string","description":"K8s config data","description_kind":"plain","computed":true,"sensitive":true},"labels":{"type":["set","string"],"description":"List of labels.","description_kind":"plain","optional":true},"listen_port":{"type":["set",["object",{"host":"string","name":"string","port":"number"}]],"description":"Ports that PaaS service listens to","description_kind":"plain","computed":true},"name":{"type":"string","description":"The human-readable name of the object. It supports the full UTF-8 character set, with a maximum of 64 characters","description_kind":"plain","required":true},"network_uuid":{"type":"string","description":"The UUID of the network that the service is attached to.","description_kind":"plain","optional":true,"computed":true},"password":{"type":"string","description":"Password for PaaS service","description_kind":"plain","computed":true,"sensitive":true},"security_zone_uuid":{"type":"string","description":"Security zone UUID linked to PaaS service","description_kind":"plain","deprecated":true,"optional":true,"computed":true},"service_template_category":{"type":"string","description":"The template service's category used to create the service.","description_kind":"plain","computed":true},"service_template_uuid":{"type":"string","description":"Template that PaaS service uses","description_kind":"plain","required":true},"service_template_uuid_computed":{"type":"string","description":"Template that PaaS service uses. The `service_template_uuid_computed` will be different from `service_template_uuid`, when `service_template_uuid` is updated outside of terraform.","description_kind":"plain","computed":true},"status":{"type":"string","description":"Current status of PaaS service","description_kind":"plain","computed":true},"usage_in_minute":{"type":"number","description":"Number of minutes that PaaS service is in use","description_kind":"plain","computed":true},"username":{"type":"string","description":"Username for PaaS service","description_kind":"plain","computed":true,"sensitive":true}},"block_types":{"parameter":{"nesting_mode":"set","block":{"attributes":{"param":{"type":"string","description_kind":"plain","required":true},"type":{"type":"string","description_kind":"plain","required":true},"value":{"type":"string","description_kind":"plain","required":true}},"description":"Parameter for PaaS service","description_kind":"plain"}},"resource_limit":{"nesting_mode":"set","block":{"attributes":{"limit":{"type":"number","description_kind":"plain","required":true},"resource":{"type":"string","description_kind":"plain","required":true}},"description":"Resource for PaaS service","description_kind":"plain"}},"timeouts":{"nesting_mode":"single","block":{"attributes":{"create":{"type":"string","description_kind":"plain","optional":true},"delete":{"type":"string","description_kind":"plain","optional":true},"update":{"type":"string","description_kind":"plain","optional":true}},"description_kind":"plain"}}},"description_kind":"plain"}},"gridscale_paas_securityzone":{"version":0,"block":{"attributes":{"change_time":{"type":"string","description":"Defines the date and time of the last object change","description_kind":"plain","computed":true},"create_time":{"type":"string","description":"Defines the date and time the object was initially created","description_kind":"plain","computed":true},"id":{"type":"string","description_kind":"plain","optional":true,"computed":true},"labels":{"type":["set","string"],"description":"List of labels.","description_kind":"plain","optional":true},"location_country":{"type":"string","description":"The human-readable name of the location","description_kind":"plain","computed":true},"location_iata":{"type":"string","description":"Uses IATA airport code, which works as a location identifier","description_kind":"plain","computed":true},"location_name":{"type":"string","description":"The human-readable name of the location","description_kind":"plain","computed":true},"location_uuid":{"type":"string","description":"The location this object is placed.","description_kind":"plain","optional":true,"computed":true},"name":{"type":"string","description":"The human-readable name of the object","description_kind":"plain","required":true},"relations":{"type":["set","string"],"description":"List of PaaS services' UUIDs relating to the security zone","description_kind":"plain","computed":true},"status":{"type":"string","description":"Status indicates the status of the object","description_kind":"plain","computed":true}},"block_types":{"timeouts":{"nesting_mode":"single","block":{"attributes":{"create":{"type":"string","description_kind":"plain","optional":true},"delete":{"type":"string","description_kind":"plain","optional":true},"update":{"type":"string","description_kind":"plain","optional":true}},"description_kind":"plain"}}},"description_kind":"plain"}},"gridscale_postgresql":{"version":0,"block":{"attributes":{"change_time":{"type":"string","description":"Time of the last change.","description_kind":"plain","computed":true},"create_time":{"type":"string","description":"Date time this service has been created.","description_kind":"plain","computed":true},"id":{"type":"string","description_kind":"plain","optional":true,"computed":true},"labels":{"type":["set","string"],"description":"List of labels.","description_kind":"plain","optional":true},"listen_port":{"type":["set",["object",{"host":"string","name":"string","port":"number"}]],"description":"The port numbers where this PostgreSQL service accepts connections.","description_kind":"plain","computed":true},"max_core_count":{"type":"number","description":"Maximum CPU core count. The PostgreSQL instance's CPU core count will be autoscaled based on the workload. The number of cores stays between 1 and `max_core_count`.","description_kind":"plain","optional":true,"computed":true},"name":{"type":"string","description":"The human-readable name of the object. It supports the full UTF-8 character set, with a maximum of 64 characters.","description_kind":"plain","required":true},"network_uuid":{"type":"string","description":"The UUID of the network that the service is attached to.","description_kind":"plain","optional":true,"computed":true},"password":{"type":"string","description":"Password for PostgreSQL service. It is used to connect to the PostgreSQL instance.","description_kind":"plain","computed":true,"sensitive":true},"performance_class":{"type":"string","description":"Performance class of PostgreSQL service.","description_kind":"plain","required":true},"pgaudit_log_access_key":{"type":"string","description":"Access key used to authenticate against Object Storage server.","description_kind":"plain","optional":true,"computed":true},"pgaudit_log_bucket":{"type":"string","description":"Object Storage bucket to upload audit logs to. For pgAudit to be enabled these additional parameters need to be configured: pgaudit_log_server_url, pgaudit_log_access_key, pgaudit_log_secret_key.","description_kind":"plain","optional":true,"computed":true},"pgaudit_log_rotation_frequency":{"type":"number","description":"Rotation (in minutes) for audit logs. Logs are uploaded to Object Storage once rotated.","description_kind":"plain","optional":true,"computed":true},"pgaudit_log_secret_key":{"type":"string","description":"Secret key used to authenticate against Object Storage server.","description_kind":"plain","optional":true,"computed":true},"pgaudit_log_server_url":{"type":"string","description":"Object Storage server URL the bucket is located on.","description_kind":"plain","optional":true,"computed":true},"release":{"type":"string","description":"The PostgreSQL release of this instance.\\n\n\t\t\t\tFor convenience, please use gscloud https://github.com/gridscale/gscloud to get the list of available PostgreSQL service releases.","description_kind":"plain","required":true},"security_zone_uuid":{"type":"string","description":"Security zone UUID linked to PostgreSQL service.","description_kind":"plain","deprecated":true,"optional":true,"computed":true},"service_template_category":{"type":"string","description":"The template service's category used to create the service.","description_kind":"plain","computed":true},"service_template_uuid":{"type":"string","description":"PaaS service template that PostgreSQL service uses.","description_kind":"plain","computed":true},"status":{"type":"string","description":"Current status of PostgreSQL service.","description_kind":"plain","computed":true},"usage_in_minutes":{"type":"number","description":"Number of minutes that PostgreSQL service is in use.","description_kind":"plain","computed":true},"username":{"type":"string","description":"Username for PostgreSQL service. It is used to connect to the PostgreSQL instance.","description_kind":"plain","computed":true,"sensitive":true}},"block_types":{"timeouts":{"nesting_mode":"single","block":{"attributes":{"create":{"type":"string","description_kind":"plain","optional":true},"delete":{"type":"string","description_kind":"plain","optional":true},"update":{"type":"string","description_kind":"plain","optional":true}},"description_kind":"plain"}}},"description_kind":"plain"}},"gridscale_redis_cache":{"version":0,"block":{"attributes":{"change_time":{"type":"string","description":"Time of the last change.","description_kind":"plain","computed":true},"create_time":{"type":"string","description":"Date time this service has been created.","description_kind":"plain","computed":true},"id":{"type":"string","description_kind":"plain","optional":true,"computed":true},"labels":{"type":["set","string"],"description":"List of labels.","description_kind":"plain","optional":true},"listen_port":{"type":["set",["object",{"host":"string","name":"string","port":"number"}]],"description":"The port numbers where this Redis cache service accepts connections.","description_kind":"plain","computed":true},"name":{"type":"string","description":"The human-readable name of the object. It supports the full UTF-8 character set, with a maximum of 64 characters.","description_kind":"plain","required":true},"network_uuid":{"type":"string","description":"The UUID of the network that the service is attached to.","description_kind":"plain","optional":true,"computed":true},"password":{"type":"string","description":"Password for Redis cache service. It is used to connect to the Redis cache instance.","description_kind":"plain","computed":true,"sensitive":true},"performance_class":{"type":"string","description":"Performance class of Redis cache service.","description_kind":"plain","required":true},"release":{"type":"string","description":"The RedisCache release of this instance.\\n\n\t\t\t\tFor convenience, please use gscloud https://github.com/gridscale/gscloud to get the list of available Redis cache service releases.","description_kind":"plain","required":true},"security_zone_uuid":{"type":"string","description":"Security zone UUID linked to Redis cache service.","description_kind":"plain","deprecated":true,"optional":true,"computed":true},"service_template_category":{"type":"string","description":"The template service's category used to create the service.","description_kind":"plain","computed":true},"service_template_uuid":{"type":"string","description":"PaaS service template that Redis cache service uses.","description_kind":"plain","computed":true},"status":{"type":"string","description":"Current status of Redis cache service.","description_kind":"plain","computed":true},"usage_in_minutes":{"type":"number","description":"Number of minutes that Redis cache service is in use.","description_kind":"plain","computed":true},"username":{"type":"string","description":"Username for Redis cache service. It is used to connect to the Redis cache instance.","description_kind":"plain","computed":true,"sensitive":true}},"block_types":{"timeouts":{"nesting_mode":"single","block":{"attributes":{"create":{"type":"string","description_kind":"plain","optional":true},"delete":{"type":"string","description_kind":"plain","optional":true},"update":{"type":"string","description_kind":"plain","optional":true}},"description_kind":"plain"}}},"description_kind":"plain"}},"gridscale_redis_store":{"version":0,"block":{"attributes":{"change_time":{"type":"string","description":"Time of the last change.","description_kind":"plain","computed":true},"create_time":{"type":"string","description":"Date time this service has been created.","description_kind":"plain","computed":true},"id":{"type":"string","description_kind":"plain","optional":true,"computed":true},"labels":{"type":["set","string"],"description":"List of labels.","description_kind":"plain","optional":true},"listen_port":{"type":["set",["object",{"host":"string","name":"string","port":"number"}]],"description":"The port numbers where this Redis store service accepts connections.","description_kind":"plain","computed":true},"name":{"type":"string","description":"The human-readable name of the object. It supports the full UTF-8 character set, with a maximum of 64 characters.","description_kind":"plain","required":true},"network_uuid":{"type":"string","description":"The UUID of the network that the service is attached to.","description_kind":"plain","optional":true,"computed":true},"password":{"type":"string","description":"Password for Redis store service. It is used to connect to the Redis store instance.","description_kind":"plain","computed":true,"sensitive":true},"performance_class":{"type":"string","description":"Performance class of Redis store service.","description_kind":"plain","required":true},"release":{"type":"string","description":"The RedisStore release of this instance.\\n\n\t\t\t\tFor convenience, please use gscloud https://github.com/gridscale/gscloud to get the list of available Redis store service releases.","description_kind":"plain","required":true},"security_zone_uuid":{"type":"string","description":"Security zone UUID linked to Redis store service.","description_kind":"plain","deprecated":true,"optional":true,"computed":true},"service_template_category":{"type":"string","description":"The template service's category used to create the service.","description_kind":"plain","computed":true},"service_template_uuid":{"type":"string","description":"PaaS service template that Redis store service uses.","description_kind":"plain","computed":true},"status":{"type":"string","description":"Current status of Redis store service.","description_kind":"plain","computed":true},"usage_in_minutes":{"type":"number","description":"Number of minutes that Redis store service is in use.","description_kind":"plain","computed":true},"username":{"type":"string","description":"Username for Redis store service. It is used to connect to the Redis store instance.","description_kind":"plain","computed":true,"sensitive":true}},"block_types":{"timeouts":{"nesting_mode":"single","block":{"attributes":{"create":{"type":"string","description_kind":"plain","optional":true},"delete":{"type":"string","description_kind":"plain","optional":true},"update":{"type":"string","description_kind":"plain","optional":true}},"description_kind":"plain"}}},"description_kind":"plain"}},"gridscale_server":{"version":0,"block":{"attributes":{"auto_recovery":{"type":"bool","description":"If the server should be auto-started in case of a failure (default=true).","description_kind":"plain","optional":true,"computed":true},"availability_zone":{"type":"string","description":"Defines which Availability-Zone the Server is placed.","description_kind":"plain","optional":true,"computed":true},"change_time":{"type":"string","description_kind":"plain","computed":true},"console_token":{"type":"string","description":"The token used by the panel to open the websocket VNC connection to the server console.","description_kind":"plain","computed":true},"cores":{"type":"number","description":"The number of server cores.","description_kind":"plain","required":true},"create_time":{"type":"string","description_kind":"plain","computed":true},"current_price":{"type":"number","description_kind":"plain","computed":true},"hardware_profile":{"type":"string","description":"Specifies the hardware settings for the virtual machine. Note: hardware_profile and hardware_profile_config parameters can't be used at the same time.","description_kind":"plain","optional":true,"computed":true},"id":{"type":"string","description_kind":"plain","optional":true,"computed":true},"ipv4":{"type":"string","description_kind":"plain","optional":true},"ipv6":{"type":"string","description_kind":"plain","optional":true},"isoimage":{"type":"string","description_kind":"plain","optional":true},"labels":{"type":["set","string"],"description":"List of labels.","description_kind":"plain","optional":true},"legacy":{"type":"bool","description":"Legacy-Hardware emulation instead of virtio hardware. If enabled, hotplugging cores, memory, storage, network, etc. will not work, but the server will most likely run every x86 compatible operating system. This mode comes with a performance penalty, as emulated hardware does not benefit from the virtio driver infrastructure.","description_kind":"plain","computed":true},"location_uuid":{"type":"string","description":"The location this object is placed.","description_kind":"plain","computed":true},"memory":{"type":"number","description":"The amount of server memory in GB.","description_kind":"plain","required":true},"name":{"type":"string","description":"The human-readable name of the object. It supports the full UTF-8 character set, with a maximum of 64 characters","description_kind":"plain","required":true},"power":{"type":"bool","description":"The number of server cores.","description_kind":"plain","optional":true,"computed":true},"status":{"type":"string","description_kind":"plain","computed":true},"usage_in_minutes_cores":{"type":"number","description_kind":"plain","computed":true},"usage_in_minutes_memory":{"type":"number","description_kind":"plain","computed":true},"user_data_base64":{"type":"string","description":"For system configuration on first boot. May contain cloud-config data or shell scripting, encoded as base64 string. Supported tools are cloud-init, Cloudbase-init, and Ignition.","description_kind":"plain","optional":true,"computed":true}},"block_types":{"hardware_profile_config":{"nesting_mode":"set","block":{"attributes":{"hyperv_extensions":{"type":"bool","description_kind":"plain","optional":true,"computed":true},"machinetype":{"type":"string","description_kind":"plain","optional":true,"computed":true},"nested_virtualization":{"type":"bool","description_kind":"plain","optional":true,"computed":true},"network_model":{"type":"string","description_kind":"plain","optional":true,"computed":true},"serial_interface":{"type":"bool","description_kind":"plain","optional":true,"computed":true},"server_renice":{"type":"bool","description_kind":"plain","optional":true,"computed":true},"storage_device":{"type":"string","description_kind":"plain","optional":true,"computed":true},"usb_controller":{"type":"string","description_kind":"plain","optional":true,"computed":true}},"description":"Specifies the custom hardware settings for the virtual machine. Note: hardware_profile and hardware_profile_config parameters can't be used at the same time.","description_kind":"plain"}},"network":{"nesting_mode":"list","block":{"attributes":{"auto_assigned_ip":{"type":"string","description":"DHCP IP which is automatically assigned to the server.","description_kind":"plain","computed":true},"bootdevice":{"type":"bool","description_kind":"plain","optional":true,"computed":true},"create_time":{"type":"string","description_kind":"plain","computed":true},"firewall_template_uuid":{"type":"string","description_kind":"plain","optional":true},"ip":{"type":"string","description":"Manually assign DHCP IP to the server.","description_kind":"plain","optional":true},"mac":{"type":"string","description_kind":"plain","computed":true},"network_type":{"type":"string","description_kind":"plain","computed":true},"object_name":{"type":"string","description_kind":"plain","computed":true},"object_uuid":{"type":"string","description_kind":"plain","required":true},"ordering":{"type":"number","description_kind":"plain","deprecated":true,"optional":true,"computed":true}},"block_types":{"rules_v4_in":{"nesting_mode":"list","block":{"attributes":{"action":{"type":"string","description":"This defines what the firewall will do. Either accept or drop.","description_kind":"plain","required":true},"comment":{"type":"string","description":"Comment.","description_kind":"plain","optional":true},"dst_cidr":{"type":"string","description":"Either an IPv4/6 address or and IP Network in CIDR format. If this field is empty then all IPs have access to this service.","description_kind":"plain","optional":true},"dst_port":{"type":"string","description":"A Number between 1 and 65535, port ranges are seperated by a colon for FTP","description_kind":"plain","optional":true},"order":{"type":"number","description":"The order at which the firewall will compare packets against its rules.\nA packet will be compared against the first rule, it will either allow it to pass or block it\nand it won't be matched against any other rules. However, if it does no match the rule,\nthen it will proceed onto rule 2. Packets that do not match any rules are blocked by default (Only for inbound).","description_kind":"plain","required":true},"protocol":{"type":"string","description":"Either 'udp' or 'tcp'","description_kind":"plain","required":true},"src_cidr":{"type":"string","description":"Either an IPv4/6 address or and IP Network in CIDR format. If this field is empty then this service has access to all IPs.","description_kind":"plain","optional":true},"src_port":{"type":"string","description":"A Number between 1 and 65535, port ranges are seperated by a colon for FTP","description_kind":"plain","optional":true}},"description_kind":"plain"}},"rules_v4_out":{"nesting_mode":"list","block":{"attributes":{"action":{"type":"string","description":"This defines what the firewall will do. Either accept or drop.","description_kind":"plain","required":true},"comment":{"type":"string","description":"Comment.","description_kind":"plain","optional":true},"dst_cidr":{"type":"string","description":"Either an IPv4/6 address or and IP Network in CIDR format. If this field is empty then all IPs have access to this service.","description_kind":"plain","optional":true},"dst_port":{"type":"string","description":"A Number between 1 and 65535, port ranges are seperated by a colon for FTP","description_kind":"plain","optional":true},"order":{"type":"number","description":"The order at which the firewall will compare packets against its rules.\nA packet will be compared against the first rule, it will either allow it to pass or block it\nand it won't be matched against any other rules. However, if it does no match the rule,\nthen it will proceed onto rule 2. Packets that do not match any rules are blocked by default (Only for inbound).","description_kind":"plain","required":true},"protocol":{"type":"string","description":"Either 'udp' or 'tcp'","description_kind":"plain","required":true},"src_cidr":{"type":"string","description":"Either an IPv4/6 address or and IP Network in CIDR format. If this field is empty then this service has access to all IPs.","description_kind":"plain","optional":true},"src_port":{"type":"string","description":"A Number between 1 and 65535, port ranges are seperated by a colon for FTP","description_kind":"plain","optional":true}},"description_kind":"plain"}},"rules_v6_in":{"nesting_mode":"list","block":{"attributes":{"action":{"type":"string","description":"This defines what the firewall will do. Either accept or drop.","description_kind":"plain","required":true},"comment":{"type":"string","description":"Comment.","description_kind":"plain","optional":true},"dst_cidr":{"type":"string","description":"Either an IPv4/6 address or and IP Network in CIDR format. If this field is empty then all IPs have access to this service.","description_kind":"plain","optional":true},"dst_port":{"type":"string","description":"A Number between 1 and 65535, port ranges are seperated by a colon for FTP","description_kind":"plain","optional":true},"order":{"type":"number","description":"The order at which the firewall will compare packets against its rules.\nA packet will be compared against the first rule, it will either allow it to pass or block it\nand it won't be matched against any other rules. However, if it does no match the rule,\nthen it will proceed onto rule 2. Packets that do not match any rules are blocked by default (Only for inbound).","description_kind":"plain","required":true},"protocol":{"type":"string","description":"Either 'udp' or 'tcp'","description_kind":"plain","required":true},"src_cidr":{"type":"string","description":"Either an IPv4/6 address or and IP Network in CIDR format. If this field is empty then this service has access to all IPs.","description_kind":"plain","optional":true},"src_port":{"type":"string","description":"A Number between 1 and 65535, port ranges are seperated by a colon for FTP","description_kind":"plain","optional":true}},"description_kind":"plain"}},"rules_v6_out":{"nesting_mode":"list","block":{"attributes":{"action":{"type":"string","description":"This defines what the firewall will do. Either accept or drop.","description_kind":"plain","required":true},"comment":{"type":"string","description":"Comment.","description_kind":"plain","optional":true},"dst_cidr":{"type":"string","description":"Either an IPv4/6 address or and IP Network in CIDR format. If this field is empty then all IPs have access to this service.","description_kind":"plain","optional":true},"dst_port":{"type":"string","description":"A Number between 1 and 65535, port ranges are seperated by a colon for FTP","description_kind":"plain","optional":true},"order":{"type":"number","description":"The order at which the firewall will compare packets against its rules.\nA packet will be compared against the first rule, it will either allow it to pass or block it\nand it won't be matched against any other rules. However, if it does no match the rule,\nthen it will proceed onto rule 2. Packets that do not match any rules are blocked by default (Only for inbound).","description_kind":"plain","required":true},"protocol":{"type":"string","description":"Either 'udp' or 'tcp'","description_kind":"plain","required":true},"src_cidr":{"type":"string","description":"Either an IPv4/6 address or and IP Network in CIDR format. If this field is empty then this service has access to all IPs.","description_kind":"plain","optional":true},"src_port":{"type":"string","description":"A Number between 1 and 65535, port ranges are seperated by a colon for FTP","description_kind":"plain","optional":true}},"description_kind":"plain"}}},"description_kind":"plain"}},"storage":{"nesting_mode":"list","block":{"attributes":{"bootdevice":{"type":"bool","description_kind":"plain","computed":true},"bus":{"type":"number","description_kind":"plain","computed":true},"capacity":{"type":"number","description_kind":"plain","computed":true},"controller":{"type":"number","description_kind":"plain","computed":true},"create_time":{"type":"string","description_kind":"plain","computed":true},"last_used_template":{"type":"string","description_kind":"plain","computed":true},"license_product_no":{"type":"number","description_kind":"plain","computed":true},"lun":{"type":"number","description_kind":"plain","computed":true},"object_name":{"type":"string","description_kind":"plain","computed":true},"object_uuid":{"type":"string","description_kind":"plain","required":true},"storage_type":{"type":"string","description_kind":"plain","computed":true},"target":{"type":"number","description_kind":"plain","computed":true}},"description":"A list of storages attached to the server. The first storage in the list is always set as the boot storage of the server.","description_kind":"plain"}},"timeouts":{"nesting_mode":"single","block":{"attributes":{"create":{"type":"string","description_kind":"plain","optional":true},"delete":{"type":"string","description_kind":"plain","optional":true},"update":{"type":"string","description_kind":"plain","optional":true}},"description_kind":"plain"}}},"description_kind":"plain"}},"gridscale_snapshot":{"version":0,"block":{"attributes":{"capacity":{"type":"number","description":"The capacity of a storage/ISO image/template/snapshot in GB","description_kind":"plain","computed":true},"change_time":{"type":"string","description":"Defines the date and time of the last object change","description_kind":"plain","computed":true},"create_time":{"type":"string","description":"Defines the date and time the object was initially created","description_kind":"plain","computed":true},"current_price":{"type":"number","description":"The price for the current period since the last bill","description_kind":"plain","computed":true},"id":{"type":"string","description_kind":"plain","optional":true,"computed":true},"labels":{"type":["set","string"],"description":"List of labels.","description_kind":"plain","optional":true},"license_product_no":{"type":"number","description":"If a template has been used that requires a license key (e.g. Windows Servers) this shows\nthe product_no of the license (see the /prices endpoint for more details)","description_kind":"plain","computed":true},"location_country":{"type":"string","description":"The human-readable name of the location","description_kind":"plain","computed":true},"location_iata":{"type":"string","description":"Uses IATA airport code, which works as a location identifier","description_kind":"plain","computed":true},"location_name":{"type":"string","description":"The human-readable name of the location","description_kind":"plain","computed":true},"location_uuid":{"type":"string","description":"The location this object is placed.","description_kind":"plain","computed":true},"name":{"type":"string","description":"The human-readable name of the object","description_kind":"plain","required":true},"status":{"type":"string","description":"Status indicates the status of the object","description_kind":"plain","computed":true},"storage_uuid":{"type":"string","description":"UUID of the storage used to create this snapshot","description_kind":"plain","required":true},"usage_in_minutes":{"type":"number","description":"Total minutes the object has been running","description_kind":"plain","computed":true}},"block_types":{"object_storage_export":{"nesting_mode":"set","block":{"attributes":{"access_key":{"type":"string","description":"Access key","description_kind":"plain","required":true,"sensitive":true},"bucket":{"type":"string","description":"Bucket name","description_kind":"plain","required":true},"host":{"type":"string","description":"Host of object storage. Must be of URL type. E.g: https://gos3.io","description_kind":"plain","required":true},"object":{"type":"string","description":"Name of file (include file path)","description_kind":"plain","required":true},"private":{"type":"bool","description_kind":"plain","required":true},"secret_key":{"type":"string","description":"Secret key","description_kind":"plain","required":true,"sensitive":true},"status":{"type":"string","description_kind":"plain","computed":true}},"description":"Export snapshot to a object storage","description_kind":"plain"}},"rollback":{"nesting_mode":"set","block":{"attributes":{"id":{"type":"string","description":"ID of the rollback request. Each rollback request has to have a unique id. ID can be any string value.","description_kind":"plain","required":true},"rollback_time":{"type":"string","description_kind":"plain","computed":true},"status":{"type":"string","description_kind":"plain","computed":true}},"description":"Returns a storage to the state of the selected Snapshot.","description_kind":"plain"}},"timeouts":{"nesting_mode":"single","block":{"attributes":{"create":{"type":"string","description_kind":"plain","optional":true},"delete":{"type":"string","description_kind":"plain","optional":true},"update":{"type":"string","description_kind":"plain","optional":true}},"description_kind":"plain"}}},"description_kind":"plain"}},"gridscale_snapshotschedule":{"version":0,"block":{"attributes":{"change_time":{"type":"string","description":"Defines the date and time of the last object change","description_kind":"plain","computed":true},"create_time":{"type":"string","description":"Defines the date and time the object was initially created","description_kind":"plain","computed":true},"id":{"type":"string","description_kind":"plain","optional":true,"computed":true},"keep_snapshots":{"type":"number","description":"The amount of Snapshots to keep before overwriting the last created Snapshot","description_kind":"plain","required":true},"labels":{"type":["set","string"],"description":"List of labels.","description_kind":"plain","optional":true},"name":{"type":"string","description":"The human-readable name of the object","description_kind":"plain","required":true},"next_runtime":{"type":"string","description":"The date and time that the snapshot schedule will be run","description_kind":"plain","optional":true},"next_runtime_computed":{"type":"string","description":"The date and time that the snapshot schedule will be run. This date and time is computed by gridscale's server.","description_kind":"plain","computed":true},"run_interval":{"type":"number","description":"The interval at which the schedule will run (in minutes)","description_kind":"plain","required":true},"snapshot":{"type":["set",["object",{"create_time":"string","name":"string","object_uuid":"string"}]],"description":"Related snashots","description_kind":"plain","computed":true},"status":{"type":"string","description":"Status indicates the status of the object","description_kind":"plain","computed":true},"storage_uuid":{"type":"string","description":"UUID of the storage used to create snapshots","description_kind":"plain","required":true}},"block_types":{"timeouts":{"nesting_mode":"single","block":{"attributes":{"create":{"type":"string","description_kind":"plain","optional":true},"delete":{"type":"string","description_kind":"plain","optional":true},"update":{"type":"string","description_kind":"plain","optional":true}},"description_kind":"plain"}}},"description_kind":"plain"}},"gridscale_sqlserver":{"version":0,"block":{"attributes":{"change_time":{"type":"string","description":"Time of the last change.","description_kind":"plain","computed":true},"create_time":{"type":"string","description":"Date time this service has been created.","description_kind":"plain","computed":true},"id":{"type":"string","description_kind":"plain","optional":true,"computed":true},"labels":{"type":["set","string"],"description":"List of labels.","description_kind":"plain","optional":true},"listen_port":{"type":["set",["object",{"host":"string","name":"string","port":"number"}]],"description":"The port numbers where this MS SQL Server accepts connections.","description_kind":"plain","computed":true},"name":{"type":"string","description":"The human-readable name of the object. It supports the full UTF-8 character set, with a maximum of 64 characters.","description_kind":"plain","required":true},"network_uuid":{"type":"string","description":"The UUID of the network that the service is attached to.","description_kind":"plain","optional":true,"computed":true},"password":{"type":"string","description":"Password for MS SQL Server. It is used to connect to the MS SQL Server instance.","description_kind":"plain","computed":true,"sensitive":true},"performance_class":{"type":"string","description":"Performance class of MS SQL Server.","description_kind":"plain","required":true},"release":{"type":"string","description":"The MS SQL Server release of this instance.\\n\n\t\t\t\tFor convenience, please use gscloud https://github.com/gridscale/gscloud to get the list of available MS SQL Server releases.","description_kind":"plain","required":true},"security_zone_uuid":{"type":"string","description":"Security zone UUID linked to MS SQL Server.","description_kind":"plain","deprecated":true,"optional":true,"computed":true},"service_template_category":{"type":"string","description":"The template service's category used to create the service.","description_kind":"plain","computed":true},"service_template_uuid":{"type":"string","description":"PaaS service template that MS SQL Server uses.","description_kind":"plain","computed":true},"status":{"type":"string","description":"Current status of MS SQL Server.","description_kind":"plain","computed":true},"usage_in_minutes":{"type":"number","description":"Number of minutes that MS SQL Server is in use.","description_kind":"plain","computed":true},"username":{"type":"string","description":"Username for MS SQL Server . It is used to connect to the MS SQL Server instance.","description_kind":"plain","computed":true,"sensitive":true}},"block_types":{"s3_backup":{"nesting_mode":"list","block":{"attributes":{"backup_access_key":{"type":"string","description":"Access key used to authenticate against Object Storage server.","description_kind":"plain","required":true,"sensitive":true},"backup_bucket":{"type":"string","description":"Object Storage bucket to upload backups to and restore backups from.","description_kind":"plain","required":true},"backup_retention":{"type":"number","description":"Retention (in seconds) for local originals of backups. (0 for immediate removal once uploaded to Object Storage (default), higher values for delayed removal after the given time and once uploaded to Object Storage).","description_kind":"plain","optional":true},"backup_secret_key":{"type":"string","description":"Secret key used to authenticate against Object Storage server.","description_kind":"plain","required":true,"sensitive":true},"backup_server_url":{"type":"string","description":"Object Storage server URL the bucket is located on.","description_kind":"plain","optional":true}},"description":"Allow backup/restore MS SQL server to/from a S3 bucket.","description_kind":"plain"},"max_items":1},"timeouts":{"nesting_mode":"single","block":{"attributes":{"create":{"type":"string","description_kind":"plain","optional":true},"delete":{"type":"string","description_kind":"plain","optional":true},"update":{"type":"string","description_kind":"plain","optional":true}},"description_kind":"plain"}}},"description_kind":"plain"}},"gridscale_sshkey":{"version":0,"block":{"attributes":{"change_time":{"type":"string","description":"The date and time of the last object change","description_kind":"plain","computed":true},"create_time":{"type":"string","description":"The date and time the object was initially created","description_kind":"plain","computed":true},"id":{"type":"string","description_kind":"plain","optional":true,"computed":true},"labels":{"type":["set","string"],"description":"List of labels.","description_kind":"plain","optional":true},"name":{"type":"string","description":"The human-readable name of the object. It supports the full UTF-8 character set, with a maximum of 64 characters.","description_kind":"plain","required":true},"sshkey":{"type":"string","description":"sshkey_string is the OpenSSH public key string (all key types are supported =\u003e ed25519, ecdsa, dsa, rsa, rsa1)","description_kind":"plain","required":true},"status":{"type":"string","description_kind":"plain","computed":true}},"block_types":{"timeouts":{"nesting_mode":"single","block":{"attributes":{"create":{"type":"string","description_kind":"plain","optional":true},"delete":{"type":"string","description_kind":"plain","optional":true},"update":{"type":"string","description_kind":"plain","optional":true}},"description_kind":"plain"}}},"description_kind":"plain"}},"gridscale_ssl_certificate":{"version":0,"block":{"attributes":{"certificate_chain":{"type":"string","description":"The PEM-formatted full-chain between the certificate authority and the domain's SSL certificate.","description_kind":"plain","optional":true,"sensitive":true},"change_time":{"type":"string","description":"The date and time of the last object change.","description_kind":"plain","computed":true},"common_name":{"type":"string","description":"The common domain name of the SSL certificate.","description_kind":"plain","computed":true},"create_time":{"type":"string","description":"The date and time the object was initially created.","description_kind":"plain","computed":true},"fingerprints":{"type":["set",["object",{"md5":"string","sha1":"string","sha256":"string"}]],"description":"Defines a list of unique identifiers generated from the MD5, SHA-1, and SHA-256 fingerprints of the certificate.","description_kind":"plain","computed":true},"id":{"type":"string","description_kind":"plain","optional":true,"computed":true},"labels":{"type":["set","string"],"description":"List of labels.","description_kind":"plain","optional":true},"leaf_certificate":{"type":"string","description":"The PEM-formatted public SSL of the SSL certificate.","description_kind":"plain","required":true,"sensitive":true},"name":{"type":"string","description":"The human-readable name of the object. It supports the full UTF-8 character set, with a maximum of 64 characters.","description_kind":"plain","required":true},"not_valid_after":{"type":"string","description":"Defines the date after which the certificate is not valid.","description_kind":"plain","computed":true},"private_key":{"type":"string","description":"The PEM-formatted private-key of the SSL certificate.","description_kind":"plain","required":true,"sensitive":true},"status":{"type":"string","description_kind":"plain","computed":true}},"block_types":{"timeouts":{"nesting_mode":"single","block":{"attributes":{"create":{"type":"string","description_kind":"plain","optional":true},"delete":{"type":"string","description_kind":"plain","optional":true},"update":{"type":"string","description_kind":"plain","optional":true}},"description_kind":"plain"}}},"description_kind":"plain"}},"gridscale_storage":{"version":0,"block":{"attributes":{"capacity":{"type":"number","description":"The capacity of a storage in GB.","description_kind":"plain","required":true},"change_time":{"type":"string","description":"Defines the date and time of the last object change.","description_kind":"plain","computed":true},"create_time":{"type":"string","description":"Defines the date and time the object was initially created.","description_kind":"plain","computed":true},"current_price":{"type":"number","description_kind":"plain","computed":true},"id":{"type":"string","description_kind":"plain","optional":true,"computed":true},"labels":{"type":["set","string"],"description":"List of labels.","description_kind":"plain","optional":true},"last_used_template":{"type":"string","description_kind":"plain","computed":true},"license_product_no":{"type":"number","description":"If a template has been used that requires a license key (e.g. Windows Servers) this shows the product_no of the license (see the /prices endpoint for more details).","description_kind":"plain","computed":true},"location_country":{"type":"string","description":"Two digit country code (ISO 3166-2) of the location where this object is placed.","description_kind":"plain","computed":true},"location_iata":{"type":"string","description":"Uses IATA airport code, which works as a location identifier.","description_kind":"plain","computed":true},"location_name":{"type":"string","description":"The human-readable name of the location. It supports the full UTF-8 character set, with a maximum of 64 characters.","description_kind":"plain","computed":true},"location_uuid":{"type":"string","description":"The location this object is placed.","description_kind":"plain","computed":true},"name":{"type":"string","description":"The human-readable name of the object. It supports the full UTF-8 character set, with a maximum of 64 characters.","description_kind":"plain","required":true},"parent_uuid":{"type":"string","description_kind":"plain","computed":true},"rollback_from_backup_uuid":{"type":"string","description":"Rollback the storage from a specific storage backup.","description_kind":"plain","optional":true},"status":{"type":"string","description":"status indicates the status of the object.","description_kind":"plain","computed":true},"storage_type":{"type":"string","description":"(one of storage, storage_high, storage_insane)","description_kind":"plain","optional":true,"computed":true},"storage_variant":{"type":"string","description":"Storage variant (one of local or distributed).","description_kind":"plain","optional":true},"usage_in_minutes":{"type":"number","description_kind":"plain","computed":true}},"block_types":{"template":{"nesting_mode":"list","block":{"attributes":{"hostname":{"type":"string","description_kind":"plain","optional":true},"password":{"type":"string","description_kind":"plain","optional":true,"sensitive":true},"password_type":{"type":"string","description_kind":"plain","optional":true},"sshkeys":{"type":["list","string"],"description_kind":"plain","optional":true},"template_uuid":{"type":"string","description_kind":"plain","required":true}},"description_kind":"plain"},"max_items":1},"timeouts":{"nesting_mode":"single","block":{"attributes":{"create":{"type":"string","description_kind":"plain","optional":true},"delete":{"type":"string","description_kind":"plain","optional":true},"update":{"type":"string","description_kind":"plain","optional":true}},"description_kind":"plain"}}},"description_kind":"plain"}},"gridscale_storage_clone":{"version":0,"block":{"attributes":{"capacity":{"type":"number","description":"The capacity of a storage in GB.","description_kind":"plain","optional":true,"computed":true},"change_time":{"type":"string","description":"Defines the date and time of the last object change.","description_kind":"plain","computed":true},"create_time":{"type":"string","description":"Defines the date and time the object was initially created.","description_kind":"plain","computed":true},"current_price":{"type":"number","description_kind":"plain","computed":true},"id":{"type":"string","description_kind":"plain","optional":true,"computed":true},"labels":{"type":["set","string"],"description":"List of labels.","description_kind":"plain","optional":true},"last_used_template":{"type":"string","description_kind":"plain","computed":true},"license_product_no":{"type":"number","description":"If a template has been used that requires a license key (e.g. Windows Servers) this shows the product_no of the license (see the /prices endpoint for more details).","description_kind":"plain","computed":true},"location_country":{"type":"string","description":"Two digit country code (ISO 3166-2) of the location where this object is placed.","description_kind":"plain","computed":true},"location_iata":{"type":"string","description":"Uses IATA airport code, which works as a location identifier.","description_kind":"plain","computed":true},"location_name":{"type":"string","description":"The human-readable name of the location. It supports the full UTF-8 character set, with a maximum of 64 characters.","description_kind":"plain","computed":true},"location_uuid":{"type":"string","description":"Identifies the data center this object belongs to.","description_kind":"plain","computed":true},"name":{"type":"string","description":"The human-readable name of the object. It supports the full UTF-8 character set, with a maximum of 64 characters.","description_kind":"plain","optional":true,"computed":true},"parent_uuid":{"type":"string","description_kind":"plain","computed":true},"source_storage_id":{"type":"string","description":"ID of the storage instance that will be cloned.","description_kind":"plain","required":true},"status":{"type":"string","description":"status indicates the status of the object.","description_kind":"plain","computed":true},"storage_type":{"type":"string","description":"(one of storage, storage_high, storage_insane)","description_kind":"plain","optional":true,"computed":true},"usage_in_minutes":{"type":"number","description_kind":"plain","computed":true}},"block_types":{"timeouts":{"nesting_mode":"single","block":{"attributes":{"create":{"type":"string","description_kind":"plain","optional":true},"delete":{"type":"string","description_kind":"plain","optional":true},"update":{"type":"string","description_kind":"plain","optional":true}},"description_kind":"plain"}}},"description_kind":"plain"}},"gridscale_storage_import":{"version":0,"block":{"attributes":{"capacity":{"type":"number","description":"The capacity of a storage in GB.","description_kind":"plain","optional":true,"computed":true},"change_time":{"type":"string","description":"Defines the date and time of the last object change.","description_kind":"plain","computed":true},"create_time":{"type":"string","description":"Defines the date and time the object was initially created.","description_kind":"plain","computed":true},"current_price":{"type":"number","description_kind":"plain","computed":true},"id":{"type":"string","description_kind":"plain","optional":true,"computed":true},"labels":{"type":["set","string"],"description":"List of labels.","description_kind":"plain","optional":true},"last_used_template":{"type":"string","description_kind":"plain","computed":true},"license_product_no":{"type":"number","description":"If a template has been used that requires a license key (e.g. Windows Servers) this shows the product_no of the license (see the /prices endpoint for more details).","description_kind":"plain","computed":true},"location_country":{"type":"string","description":"Two digit country code (ISO 3166-2) of the location where this object is placed.","description_kind":"plain","computed":true},"location_iata":{"type":"string","description":"Uses IATA airport code, which works as a location identifier.","description_kind":"plain","computed":true},"location_name":{"type":"string","description":"The human-readable name of the location. It supports the full UTF-8 character set, with a maximum of 64 characters.","description_kind":"plain","computed":true},"location_uuid":{"type":"string","description":"Identifies the data center this object belongs to.","description_kind":"plain","computed":true},"name":{"type":"string","description":"The human-readable name of the object. It supports the full UTF-8 character set, with a maximum of 64 characters.","description_kind":"plain","required":true},"parent_uuid":{"type":"string","description_kind":"plain","computed":true},"status":{"type":"string","description":"status indicates the status of the object.","description_kind":"plain","computed":true},"storage_backup_id":{"type":"string","description":"ID of the storage backup that will be used to create a new storage from.","description_kind":"plain","required":true},"storage_type":{"type":"string","description":"(one of storage, storage_high, storage_insane)","description_kind":"plain","optional":true,"computed":true},"usage_in_minutes":{"type":"number","description_kind":"plain","computed":true}},"block_types":{"timeouts":{"nesting_mode":"single","block":{"attributes":{"create":{"type":"string","description_kind":"plain","optional":true},"delete":{"type":"string","description_kind":"plain","optional":true},"update":{"type":"string","description_kind":"plain","optional":true}},"description_kind":"plain"}}},"description_kind":"plain"}},"gridscale_template":{"version":0,"block":{"attributes":{"capacity":{"type":"number","description":"The capacity of a storage/ISO image/template/snapshot in GB.","description_kind":"plain","computed":true},"change_time":{"type":"string","description":"The date and time of the last object change.","description_kind":"plain","computed":true},"create_time":{"type":"string","description":"The date and time the object was initially created.","description_kind":"plain","computed":true},"current_price":{"type":"number","description":"Defines the price for the current period since the last bill.","description_kind":"plain","computed":true},"description":{"type":"string","description":"Description of the template.","description_kind":"plain","computed":true},"distro":{"type":"string","description":"The Linux distribution of this template (if applicable).","description_kind":"plain","computed":true},"id":{"type":"string","description_kind":"plain","optional":true,"computed":true},"labels":{"type":["set","string"],"description":"List of labels.","description_kind":"plain","optional":true},"license_product_no":{"type":"number","description":"If a template has been used that requires a license key (e.g. Windows Servers) this shows the product_no of the license (see the /prices endpoint for more details).","description_kind":"plain","computed":true},"location_country":{"type":"string","description":"Two digit country code (ISO 3166-2) of the location where this object is placed.","description_kind":"plain","computed":true},"location_iata":{"type":"string","description":"Uses IATA airport code, which works as a location identifier.","description_kind":"plain","computed":true},"location_name":{"type":"string","description":"The human-readable name of the location. It supports the full UTF-8 character set, with a maximum of 64 characters","description_kind":"plain","computed":true},"location_uuid":{"type":"string","description":"The location this object is placed.","description_kind":"plain","computed":true},"name":{"type":"string","description":"The human-readable name of the object. It supports the full UTF-8 character set, with a maximum of 64 characters.","description_kind":"plain","required":true},"ostype":{"type":"string","description":"The operating system installed in the template.","description_kind":"plain","computed":true},"private":{"type":"bool","description":"The object is private, the value will be true. Otherwise the value will be false.","description_kind":"plain","computed":true},"snapshot_uuid":{"type":"string","description":"Snapshot UUID for template.","description_kind":"plain","required":true},"status":{"type":"string","description":"Status indicates the status of the object.","description_kind":"plain","computed":true},"usage_in_minutes":{"type":"number","description":"Total minutes the object has been running.","description_kind":"plain","computed":true},"version":{"type":"string","description_kind":"plain","computed":true}},"block_types":{"timeouts":{"nesting_mode":"single","block":{"attributes":{"create":{"type":"string","description_kind":"plain","optional":true},"delete":{"type":"string","description_kind":"plain","optional":true},"update":{"type":"string","description_kind":"plain","optional":true}},"description_kind":"plain"}}},"description_kind":"plain"}}},"data_source_schemas":{"gridscale_backup_list":{"version":0,"block":{"attributes":{"id":{"type":"string","description_kind":"plain","optional":true,"computed":true},"storage_backups":{"type":["list",["object",{"capacity":"number","create_time":"string","name":"string","object_uuid":"string"}]],"description":"Storage's backups. The order is based on their created time. E.g: Latest backup is always the first backup in the list","description_kind":"plain","computed":true},"storage_uuid":{"type":"string","description":"UUID of the storage","description_kind":"plain","required":true}},"description_kind":"plain"}},"gridscale_backupschedule":{"version":0,"block":{"attributes":{"active":{"type":"bool","description":"The status of the schedule active or not","description_kind":"plain","computed":true},"backup_location_name":{"type":"string","description":"The human-readable name of backup location. It supports the full UTF-8 character set, with a maximum of 64 characters.","description_kind":"plain","computed":true},"backup_location_uuid":{"type":"string","description":"UUID of the location where your backup is stored.","description_kind":"plain","computed":true},"change_time":{"type":"string","description":"Defines the date and time of the last object change","description_kind":"plain","computed":true},"create_time":{"type":"string","description":"Defines the date and time the object was initially created","description_kind":"plain","computed":true},"id":{"type":"string","description_kind":"plain","optional":true,"computed":true},"keep_backups":{"type":"number","description":"The amount of Backups to keep before overwriting the last created Backup","description_kind":"plain","computed":true},"name":{"type":"string","description":"The human-readable name of the object","description_kind":"plain","computed":true},"next_runtime":{"type":"string","description":"The date and time that the backup schedule will be run","description_kind":"plain","computed":true},"resource_id":{"type":"string","description":"ID of a resource","description_kind":"plain","required":true},"run_interval":{"type":"number","description":"The interval at which the schedule will run (in minutes)","description_kind":"plain","computed":true},"status":{"type":"string","description":"Status indicates the status of the object","description_kind":"plain","computed":true},"storage_backups":{"type":["set",["object",{"create_time":"string","name":"string","object_uuid":"string"}]],"description":"Related backups","description_kind":"plain","computed":true},"storage_uuid":{"type":"string","description":"UUID of the storage used to create backups","description_kind":"plain","required":true}},"description_kind":"plain"}},"gridscale_firewall":{"version":0,"block":{"attributes":{"change_time":{"type":"string","description":"The date and time of the last object change.","description_kind":"plain","computed":true},"create_time":{"type":"string","description":"The date and time the object was initially created.","description_kind":"plain","computed":true},"description":{"type":"string","description":"Description of the Firewall.","description_kind":"plain","computed":true},"id":{"type":"string","description_kind":"plain","optional":true,"computed":true},"labels":{"type":["set","string"],"description":"List of labels.","description_kind":"plain","computed":true},"location_name":{"type":"string","description":"The human-readable name of the location. It supports the full UTF-8 character set, with a maximum of 64 characters","description_kind":"plain","computed":true},"name":{"type":"string","description":"The human-readable name of the object. It supports the full UTF-8 character set, with a maximum of 64 characters","description_kind":"plain","computed":true},"network":{"type":["set",["object",{"create_time":"string","network_name":"string","network_uuid":"string","object_name":"string","object_uuid":"string"}]],"description_kind":"plain","computed":true},"private":{"type":"bool","description":"The object is private, the value will be true. Otherwise the value will be false.","description_kind":"plain","computed":true},"resource_id":{"type":"string","description":"ID of a resource","description_kind":"plain","required":true},"rules_v4_in":{"type":["list",["object",{"action":"string","comment":"string","dst_cidr":"string","dst_port":"string","order":"number","protocol":"string","src_cidr":"string","src_port":"string"}]],"description_kind":"plain","computed":true},"rules_v4_out":{"type":["list",["object",{"action":"string","comment":"string","dst_cidr":"string","dst_port":"string","order":"number","protocol":"string","src_cidr":"string","src_port":"string"}]],"description_kind":"plain","computed":true},"rules_v6_in":{"type":["list",["object",{"action":"string","comment":"string","dst_cidr":"string","dst_port":"string","order":"number","protocol":"string","src_cidr":"string","src_port":"string"}]],"description_kind":"plain","computed":true},"rules_v6_out":{"type":["list",["object",{"action":"string","comment":"string","dst_cidr":"string","dst_port":"string","order":"number","protocol":"string","src_cidr":"string","src_port":"string"}]],"description_kind":"plain","computed":true},"status":{"type":"string","description":"Status indicates the status of the object","description_kind":"plain","computed":true}},"description_kind":"plain"}},"gridscale_ipv4":{"version":0,"block":{"attributes":{"change_time":{"type":"string","description":"The date and time of the last object change.","description_kind":"plain","computed":true},"create_time":{"type":"string","description":"The date and time the object was initially created.","description_kind":"plain","computed":true},"current_price":{"type":"number","description":"Defines the price for the current period since the last bill.","description_kind":"plain","computed":true},"delete_block":{"type":"bool","description":"Defines if the object is administratively blocked. If true, it can not be deleted by the user.","description_kind":"plain","computed":true},"failover":{"type":"bool","description":"Sets failover mode for this IP. If true, then this IP is no longer available for DHCP and can no longer be related to any server.","description_kind":"plain","computed":true},"id":{"type":"string","description_kind":"plain","optional":true,"computed":true},"ip":{"type":"string","description":"Defines the IP address.","description_kind":"plain","computed":true},"labels":{"type":["set","string"],"description":"List of labels.","description_kind":"plain","optional":true},"location_country":{"type":"string","description":"Two digit country code (ISO 3166-2) of the location where this object is placed.","description_kind":"plain","computed":true},"location_iata":{"type":"string","description":"Uses IATA airport code, which works as a location identifier","description_kind":"plain","computed":true},"location_name":{"type":"string","description":"The human-readable name of the location. It supports the full UTF-8 character set, with a maximum of 64 characters","description_kind":"plain","computed":true},"location_uuid":{"type":"string","description":"The location this object is placed.","description_kind":"plain","computed":true},"name":{"type":"string","description":"The human-readable name of the object. It supports the full UTF-8 character set, with a maximum of 64 characters.","description_kind":"plain","computed":true},"prefix":{"type":"string","description_kind":"plain","computed":true},"resource_id":{"type":"string","description":"ID of a resource","description_kind":"plain","required":true},"reverse_dns":{"type":"string","description":"Defines the reverse DNS entry for the IP address (PTR Resource Record).","description_kind":"plain","computed":true},"status":{"type":"string","description_kind":"plain","computed":true},"usage_in_minutes":{"type":"number","description_kind":"plain","computed":true}},"description_kind":"plain"}},"gridscale_ipv6":{"version":0,"block":{"attributes":{"change_time":{"type":"string","description":"The date and time of the last object change.","description_kind":"plain","computed":true},"create_time":{"type":"string","description":"The date and time the object was initially created.","description_kind":"plain","computed":true},"current_price":{"type":"number","description":"Defines the price for the current period since the last bill.","description_kind":"plain","computed":true},"delete_block":{"type":"bool","description":"Defines if the object is administratively blocked. If true, it can not be deleted by the user.","description_kind":"plain","computed":true},"failover":{"type":"bool","description":"Sets failover mode for this IP. If true, then this IP is no longer available for DHCP and can no longer be related to any server.","description_kind":"plain","computed":true},"id":{"type":"string","description_kind":"plain","optional":true,"computed":true},"ip":{"type":"string","description":"Defines the IP address.","description_kind":"plain","computed":true},"labels":{"type":["set","string"],"description":"List of labels.","description_kind":"plain","optional":true},"location_country":{"type":"string","description":"Two digit country code (ISO 3166-2) of the location where this object is placed.","description_kind":"plain","computed":true},"location_iata":{"type":"string","description":"Uses IATA airport code, which works as a location identifier","description_kind":"plain","computed":true},"location_name":{"type":"string","description":"The human-readable name of the location. It supports the full UTF-8 character set, with a maximum of 64 characters","description_kind":"plain","computed":true},"location_uuid":{"type":"string","description":"The location this object is placed.","description_kind":"plain","computed":true},"name":{"type":"string","description":"The human-readable name of the object. It supports the full UTF-8 character set, with a maximum of 64 characters.","description_kind":"plain","computed":true},"prefix":{"type":"string","description_kind":"plain","computed":true},"resource_id":{"type":"string","description":"ID of a resource","description_kind":"plain","required":true},"reverse_dns":{"type":"string","description":"Defines the reverse DNS entry for the IP address (PTR Resource Record).","description_kind":"plain","computed":true},"status":{"type":"string","description_kind":"plain","computed":true},"usage_in_minutes":{"type":"number","description_kind":"plain","computed":true}},"description_kind":"plain"}},"gridscale_isoimage":{"version":0,"block":{"attributes":{"capacity":{"type":"number","description":"The capacity of a storage/ISO image/template/snapshot in GB.","description_kind":"plain","computed":true},"change_time":{"type":"string","description":"The date and time of the last object change.","description_kind":"plain","computed":true},"create_time":{"type":"string","description":"The date and time the object was initially created.","description_kind":"plain","computed":true},"current_price":{"type":"number","description":"Defines the price for the current period since the last bill.","description_kind":"plain","computed":true},"description":{"type":"string","description":"Description of the ISO image.","description_kind":"plain","computed":true},"id":{"type":"string","description_kind":"plain","optional":true,"computed":true},"labels":{"type":["set","string"],"description":"List of labels.","description_kind":"plain","computed":true},"location_country":{"type":"string","description":"Two digit country code (ISO 3166-2) of the location where this object is placed.","description_kind":"plain","computed":true},"location_iata":{"type":"string","description":"Uses IATA airport code, which works as a location identifier","description_kind":"plain","computed":true},"location_name":{"type":"string","description":"The human-readable name of the location. It supports the full UTF-8 character set, with a maximum of 64 characters","description_kind":"plain","computed":true},"location_uuid":{"type":"string","description":"The location this object is placed.","description_kind":"plain","computed":true},"name":{"type":"string","description":"The human-readable name of the object. It supports the full UTF-8 character set, with a maximum of 64 characters.","description_kind":"plain","computed":true},"private":{"type":"bool","description":"The object is private, the value will be true. Otherwise the value will be false.","description_kind":"plain","computed":true},"resource_id":{"type":"string","description":"ID of a resource","description_kind":"plain","required":true},"server":{"type":["set",["object",{"bootdevice":"bool","create_time":"string","object_name":"string","object_uuid":"string"}]],"description":"The information about servers which are related to this ISO image.","description_kind":"plain","computed":true},"source_url":{"type":"string","description":"Contains the source URL of the ISO image that it was originally fetched from.","description_kind":"plain","computed":true},"status":{"type":"string","description":"Status indicates the status of the object","description_kind":"plain","computed":true},"usage_in_minutes":{"type":"number","description":"Total minutes the object has been running.","description_kind":"plain","computed":true},"version":{"type":"string","description":"Upstream version of the ISO image release","description_kind":"plain","computed":true}},"description_kind":"plain"}},"gridscale_loadbalancer":{"version":0,"block":{"attributes":{"algorithm":{"type":"string","description":"The algorithm used to process requests. Accepted values: roundrobin/leastconn.","description_kind":"plain","computed":true},"backend_server":{"type":["set",["object",{"host":"string","proxy_protocol":"string","weight":"number"}]],"description":"List of backend servers.","description_kind":"plain","computed":true},"forwarding_rule":{"type":["set",["object",{"certificate_uuid":"string","letsencrypt_ssl":"string","listen_port":"number","mode":"string","target_port":"number"}]],"description":"List of forwarding rules for the Load balancer.","description_kind":"plain","computed":true},"id":{"type":"string","description_kind":"plain","optional":true,"computed":true},"labels":{"type":["set","string"],"description":"List of labels.","description_kind":"plain","computed":true},"listen_ipv4_uuid":{"type":"string","description":"The UUID of the IPv4 address the Load balancer will listen to for incoming requests.","description_kind":"plain","computed":true},"listen_ipv6_uuid":{"type":"string","description":"The UUID of the IPv6 address the Load balancer will listen to for incoming requests.","description_kind":"plain","computed":true},"location_uuid":{"type":"string","description":"The location this object is placed.","description_kind":"plain","computed":true},"name":{"type":"string","description":"The human-readable name of the object. It supports the full UTF-8 character set, with a maximum of 64 characters","description_kind":"plain","computed":true},"redirect_http_to_https":{"type":"bool","description":"Whether the Load balancer is forced to redirect requests from HTTP to HTTPS","description_kind":"plain","computed":true},"resource_id":{"type":"string","description":"ID of a resource","description_kind":"plain","required":true},"status":{"type":"string","description":"Status indicates the status of the object.","description_kind":"plain","computed":true}},"description_kind":"plain"}},"gridscale_marketplace_application":{"version":0,"block":{"attributes":{"category":{"type":"string","description":"Category of marketplace application. Accepted values: \"CMS\", \"project management\", \"Adminpanel\", \"Collaboration\", \"Cloud Storage\", \"Archiving\"","description_kind":"plain","computed":true},"change_time":{"type":"string","description":"Defines the date and time of the last object change","description_kind":"plain","computed":true},"create_time":{"type":"string","description":"Defines the date and time the object was initially created","description_kind":"plain","computed":true},"id":{"type":"string","description_kind":"plain","optional":true,"computed":true},"is_application_owner":{"type":"bool","description":"Whether the you are the owner of application or not","description_kind":"plain","computed":true},"is_publish_global":{"type":"bool","description":"Whether a template is published to other partner or not","description_kind":"plain","computed":true},"is_publish_global_requested":{"type":"bool","description":"Whether a partner wants their tenant template published to other partners","description_kind":"plain","computed":true},"is_publish_requested":{"type":"bool","description":"Whether the tenants want their template to be published or not","description_kind":"plain","computed":true},"is_published":{"type":"bool","description":"Whether the template is published by the partner to their tenant","description_kind":"plain","computed":true},"meta_advices":{"type":"string","description_kind":"plain","computed":true},"meta_author":{"type":"string","description_kind":"plain","computed":true},"meta_components":{"type":["set","string"],"description_kind":"plain","computed":true},"meta_features":{"type":"string","description_kind":"plain","computed":true},"meta_hints":{"type":"string","description_kind":"plain","computed":true},"meta_icon":{"type":"string","description_kind":"plain","computed":true},"meta_license":{"type":"string","description_kind":"plain","computed":true},"meta_os":{"type":"string","description_kind":"plain","computed":true},"meta_overview":{"type":"string","description_kind":"plain","computed":true},"meta_terms_of_use":{"type":"string","description_kind":"plain","computed":true},"name":{"type":"string","description":"The human-readable name of the object. It supports the full UTF-8 character set, with a maximum of 64 characters","description_kind":"plain","computed":true},"object_storage_path":{"type":"string","description":"Path to the images for the application, must be in .gz format and started with s3//","description_kind":"plain","computed":true},"publish_global_requested_date":{"type":"string","description":"The date when a partner requested their tenants template to be published","description_kind":"plain","computed":true},"publish_requested_date":{"type":"string","description":"The date when the tenant requested their template to be published","description_kind":"plain","computed":true},"published_date":{"type":"string","description":"The date when the template is published into other tenant in the same partner","description_kind":"plain","computed":true},"published_global_date":{"type":"string","description":"The date when a template is published to other partner","description_kind":"plain","computed":true},"resource_id":{"type":"string","description":"ID of a resource","description_kind":"plain","required":true},"setup_cores":{"type":"number","description":"Number of server's cores","description_kind":"plain","computed":true},"setup_memory":{"type":"number","description":"The capacity of server's memory in GB","description_kind":"plain","computed":true},"setup_storage_capacity":{"type":"number","description":"The capacity of server's storage in GB","description_kind":"plain","computed":true},"status":{"type":"string","description":"status indicates the status of the object","description_kind":"plain","computed":true},"type":{"type":"string","description":"The type of template","description_kind":"plain","computed":true},"unique_hash":{"type":"string","description":"Unique hash to allow user to import the self-created marketplace application","description_kind":"plain","computed":true}},"description_kind":"plain"}},"gridscale_network":{"version":0,"block":{"attributes":{"auto_assigned_servers":{"type":["set",["object",{"ip":"string","server_uuid":"string"}]],"description":"A list of server UUIDs with the corresponding IPs that are designated by the DHCP server.","description_kind":"plain","computed":true},"change_time":{"type":"string","description":"The date and time of the last object change","description_kind":"plain","computed":true},"create_time":{"type":"string","description":"The date and time the object was initially created","description_kind":"plain","computed":true},"delete_block":{"type":"bool","description":"If deleting this network is allowed","description_kind":"plain","computed":true},"dhcp_active":{"type":"bool","description":"Enable DHCP.","description_kind":"plain","computed":true},"dhcp_dns":{"type":"string","description":"DHCP DNS.","description_kind":"plain","computed":true},"dhcp_gateway":{"type":"string","description":"The IP address reserved and communicated by the dhcp service to be the default gateway.","description_kind":"plain","computed":true},"dhcp_range":{"type":"string","description":"The general IP Range configured for this network (/24 for private networks). If it is not set, gridscale internal default range is used.","description_kind":"plain","computed":true},"dhcp_reserved_subnet":{"type":["set","string"],"description":"Subrange within the IP range","description_kind":"plain","computed":true},"id":{"type":"string","description_kind":"plain","optional":true,"computed":true},"l2security":{"type":"bool","description":"MAC spoofing protection - filters layer2 and ARP traffic based on source MAC","description_kind":"plain","computed":true},"labels":{"type":["set","string"],"description":"List of labels.","description_kind":"plain","computed":true},"location_country":{"type":"string","description":"Two digit country code (ISO 3166-2) of the location where this object is placed.","description_kind":"plain","computed":true},"location_iata":{"type":"string","description":"Uses IATA airport code, which works as a location identifier","description_kind":"plain","computed":true},"location_name":{"type":"string","description":"The human-readable name of the location. It supports the full UTF-8 character set, with a maximum of 64 characters","description_kind":"plain","computed":true},"location_uuid":{"type":"string","description":"The location this object is placed.","description_kind":"plain","computed":true},"name":{"type":"string","description":"The human-readable name of the object. It supports the full UTF-8 character set, with a maximum of 64 characters.","description_kind":"plain","computed":true},"network_type":{"type":"string","description":"The type of this network, can be mpls, breakout or network.","description_kind":"plain","computed":true},"pinned_servers":{"type":["set",["object",{"ip":"string","server_uuid":"string"}]],"description":"A list of server UUIDs with the corresponding IPs that are designated by the user.","description_kind":"plain","computed":true},"resource_id":{"type":"string","description":"ID of a resource","description_kind":"plain","required":true},"status":{"type":"string","description":"status indicates the status of the object","description_kind":"plain","computed":true}},"description_kind":"plain"}},"gridscale_object_storage_accesskey":{"version":0,"block":{"attributes":{"access_key":{"type":"string","description":"The object storage secret_key.","description_kind":"plain","computed":true,"sensitive":true},"comment":{"type":"string","description":"Comment for the access_key.","description_kind":"plain","computed":true},"id":{"type":"string","description_kind":"plain","optional":true,"computed":true},"resource_id":{"type":"string","description":"ID of a resource","description_kind":"plain","required":true},"secret_key":{"type":"string","description":"The object storage access_key.","description_kind":"plain","computed":true,"sensitive":true},"user_uuid":{"type":"string","description":"If a user_uuid is set, a user-specific key will get created. \n\t\t\t\tIf no user_uuid is set along a user with write-access to the contract will still only create \n\t\t\t\ta user-specific key for themselves while a user with admin-access to the contract will create \n\t\t\t\ta contract-level admin key.","description_kind":"plain","computed":true}},"description_kind":"plain"}},"gridscale_paas":{"version":0,"block":{"attributes":{"change_time":{"type":"string","description":"Time of the last change","description_kind":"plain","computed":true},"create_time":{"type":"string","description":"Time of the creation","description_kind":"plain","computed":true},"current_price":{"type":"number","description":"Current price of PaaS service","description_kind":"plain","computed":true},"id":{"type":"string","description_kind":"plain","optional":true,"computed":true},"labels":{"type":["set","string"],"description":"List of labels.","description_kind":"plain","computed":true},"listen_port":{"type":["set",["object",{"name":"string","port":"number"}]],"description":"Ports that PaaS service listens to","description_kind":"plain","computed":true},"name":{"type":"string","description":"The human-readable name of the object. It supports the full UTF-8 character set, with a maximum of 64 characters","description_kind":"plain","computed":true},"network_uuid":{"type":"string","description":"Network UUID containing security zone","description_kind":"plain","computed":true},"parameter":{"type":["set",["object",{"param":"string","type":"string","value":"string"}]],"description":"Parameter for PaaS service","description_kind":"plain","computed":true},"password":{"type":"string","description":"Password for PaaS service","description_kind":"plain","computed":true,"sensitive":true},"resource_id":{"type":"string","description":"ID of a resource","description_kind":"plain","required":true},"resource_limit":{"type":["set",["object",{"limit":"number","resource":"string"}]],"description":"Resource for PaaS service","description_kind":"plain","computed":true},"security_zone_uuid":{"type":"string","description":"Security zone UUID linked to PaaS service","description_kind":"plain","computed":true},"service_template_category":{"type":"string","description":"The template service's category used to create the service.","description_kind":"plain","computed":true},"service_template_uuid":{"type":"string","description":"Template that PaaS service uses","description_kind":"plain","computed":true},"status":{"type":"string","description":"Current status of PaaS service","description_kind":"plain","computed":true},"usage_in_minute":{"type":"number","description":"Number of minutes that PaaS service is in use","description_kind":"plain","computed":true},"username":{"type":"string","description":"Username for PaaS service","description_kind":"plain","computed":true,"sensitive":true}},"description_kind":"plain"}},"gridscale_paas_securityzone":{"version":0,"block":{"attributes":{"change_time":{"type":"string","description":"Defines the date and time of the last object change","description_kind":"plain","computed":true},"create_time":{"type":"string","description":"Defines the date and time the object was initially created","description_kind":"plain","computed":true},"id":{"type":"string","description_kind":"plain","optional":true,"computed":true},"labels":{"type":["set","string"],"description":"List of labels.","description_kind":"plain","computed":true},"location_country":{"type":"string","description":"The human-readable name of the location","description_kind":"plain","computed":true},"location_iata":{"type":"string","description":"Uses IATA airport code, which works as a location identifier","description_kind":"plain","computed":true},"location_name":{"type":"string","description":"The human-readable name of the location","description_kind":"plain","computed":true},"location_uuid":{"type":"string","description":"The location this object is placed.","description_kind":"plain","computed":true},"name":{"type":"string","description":"The human-readable name of the object","description_kind":"plain","computed":true},"relations":{"type":["set","string"],"description":"List of PaaS services' UUIDs relating to the security zone","description_kind":"plain","computed":true},"resource_id":{"type":"string","description":"ID of a resource","description_kind":"plain","required":true},"status":{"type":"string","description":"Status indicates the status of the object","description_kind":"plain","computed":true}},"description_kind":"plain"}},"gridscale_public_network":{"version":0,"block":{"attributes":{"change_time":{"type":"string","description":"The date and time of the last object change","description_kind":"plain","computed":true},"create_time":{"type":"string","description":"The date and time the object was initially created","description_kind":"plain","computed":true},"delete_block":{"type":"bool","description":"If deleting this network is allowed","description_kind":"plain","computed":true},"id":{"type":"string","description_kind":"plain","optional":true,"computed":true},"l2security":{"type":"bool","description":"MAC spoofing protection - filters layer2 and ARP traffic based on source MAC","description_kind":"plain","computed":true},"labels":{"type":["set","string"],"description":"List of labels.","description_kind":"plain","computed":true},"location_country":{"type":"string","description":"Two digit country code (ISO 3166-2) of the location where this object is placed.","description_kind":"plain","computed":true},"location_iata":{"type":"string","description":"Uses IATA airport code, which works as a location identifier","description_kind":"plain","computed":true},"location_name":{"type":"string","description":"The human-readable name of the location. It supports the full UTF-8 character set, with a maximum of 64 characters","description_kind":"plain","computed":true},"location_uuid":{"type":"string","description":"The location this object is placed.","description_kind":"plain","computed":true},"name":{"type":"string","description":"The human-readable name of the object. It supports the full UTF-8 character set, with a maximum of 64 characters.","description_kind":"plain","computed":true},"network_type":{"type":"string","description":"The type of this network, can be mpls, breakout or network.","description_kind":"plain","computed":true},"status":{"type":"string","description":"status indicates the status of the object","description_kind":"plain","computed":true}},"description_kind":"plain"}},"gridscale_server":{"version":0,"block":{"attributes":{"auto_recovery":{"type":"bool","description":"If the server should be auto-started in case of a failure (default=true).","description_kind":"plain","computed":true},"availability_zone":{"type":"string","description":"Defines which Availability-Zone the Server is placed.","description_kind":"plain","computed":true},"change_time":{"type":"string","description_kind":"plain","computed":true},"console_token":{"type":"string","description":"The token used by the panel to open the websocket VNC connection to the server console.","description_kind":"plain","computed":true},"cores":{"type":"number","description":"The number of server cores.","description_kind":"plain","computed":true},"create_time":{"type":"string","description_kind":"plain","computed":true},"current_price":{"type":"number","description_kind":"plain","computed":true},"hardware_profile":{"type":"string","description":"The number of server cores.","description_kind":"plain","computed":true},"hardware_profile_config":{"type":["set",["object",{"hyperv_extensions":"bool","machinetype":"string","nested_virtualization":"bool","network_model":"string","serial_interface":"bool","server_renice":"bool","storage_device":"string","usb_controller":"string"}]],"description":"Specifies the custom hardware settings for the virtual machine. Note: hardware_profile and hardware_profile_config parameters can't be used at the same time.","description_kind":"plain","computed":true},"id":{"type":"string","description_kind":"plain","optional":true,"computed":true},"ipv4":{"type":"string","description_kind":"plain","computed":true},"ipv6":{"type":"string","description_kind":"plain","computed":true},"isoimage":{"type":"string","description_kind":"plain","computed":true},"labels":{"type":["set","string"],"description":"List of labels.","description_kind":"plain","computed":true},"legacy":{"type":"bool","description":"Legacy-Hardware emulation instead of virtio hardware. If enabled, hotplugging cores, memory, storage, network, etc. will not work, but the server will most likely run every x86 compatible operating system. This mode comes with a performance penalty, as emulated hardware does not benefit from the virtio driver infrastructure.","description_kind":"plain","computed":true},"location_uuid":{"type":"string","description":"The location this object is placed.","description_kind":"plain","computed":true},"memory":{"type":"number","description":"The amount of server memory in GB.","description_kind":"plain","computed":true},"name":{"type":"string","description":"The human-readable name of the object. It supports the full UTF-8 character set, with a maximum of 64 characters","description_kind":"plain","computed":true},"network":{"type":["set",["object",{"auto_assigned_ip":"string","bootdevice":"bool","create_time":"string","firewall_template_uuid":"string","ip":"string","mac":"string","network_type":"string","object_name":"string","object_uuid":"string","ordering":"number","rules_v4_in":["list",["object",{"action":"string","comment":"string","dst_cidr":"string","dst_port":"string","order":"number","protocol":"string","src_cidr":"string","src_port":"string"}]],"rules_v4_out":["list",["object",{"action":"string","comment":"string","dst_cidr":"string","dst_port":"string","order":"number","protocol":"string","src_cidr":"string","src_port":"string"}]],"rules_v6_in":["list",["object",{"action":"string","comment":"string","dst_cidr":"string","dst_port":"string","order":"number","protocol":"string","src_cidr":"string","src_port":"string"}]],"rules_v6_out":["list",["object",{"action":"string","comment":"string","dst_cidr":"string","dst_port":"string","order":"number","protocol":"string","src_cidr":"string","src_port":"string"}]]}]],"description_kind":"plain","computed":true},"power":{"type":"bool","description":"The power state of the server. Set this to true to will boot the server, false will shut it down.","description_kind":"plain","computed":true},"resource_id":{"type":"string","description":"ID of a resource","description_kind":"plain","required":true},"status":{"type":"string","description_kind":"plain","computed":true},"storage":{"type":["list",["object",{"bootdevice":"bool","bus":"number","capacity":"number","controller":"number","create_time":"string","last_used_template":"string","license_product_no":"number","lun":"number","object_name":"string","object_uuid":"string","storage_type":"string","target":"number"}]],"description":"A list of storages attached to the server. The first storage in the list is always set as the boot storage of the server.","description_kind":"plain","computed":true},"usage_in_minutes_cores":{"type":"number","description_kind":"plain","computed":true},"usage_in_minutes_memory":{"type":"number","description_kind":"plain","computed":true},"user_data_base64":{"type":"string","description":"For system configuration on first boot. May contain cloud-config data or shell scripting, encoded as base64 string. Supported tools are cloud-init, Cloudbase-init, and Ignition.","description_kind":"plain","computed":true}},"description_kind":"plain"}},"gridscale_snapshot":{"version":0,"block":{"attributes":{"capacity":{"type":"number","description":"The capacity of a storage/ISO image/template/snapshot in GB","description_kind":"plain","computed":true},"change_time":{"type":"string","description":"Defines the date and time of the last object change","description_kind":"plain","computed":true},"create_time":{"type":"string","description":"Defines the date and time the object was initially created","description_kind":"plain","computed":true},"current_price":{"type":"number","description":"The price for the current period since the last bill","description_kind":"plain","computed":true},"id":{"type":"string","description_kind":"plain","optional":true,"computed":true},"labels":{"type":["list","string"],"description":"List of labels.","description_kind":"plain","computed":true},"license_product_no":{"type":"number","description":"If a template has been used that requires a license key (e.g. Windows Servers) this shows\nthe product_no of the license (see the /prices endpoint for more details)","description_kind":"plain","computed":true},"location_country":{"type":"string","description":"The human-readable name of the location","description_kind":"plain","computed":true},"location_iata":{"type":"string","description":"Uses IATA airport code, which works as a location identifier","description_kind":"plain","computed":true},"location_name":{"type":"string","description":"The human-readable name of the location","description_kind":"plain","computed":true},"location_uuid":{"type":"string","description":"The location this object is placed.","description_kind":"plain","computed":true},"name":{"type":"string","description":"The human-readable name of the object","description_kind":"plain","computed":true},"resource_id":{"type":"string","description":"ID of a resource","description_kind":"plain","required":true},"status":{"type":"string","description":"Status indicates the status of the object","description_kind":"plain","computed":true},"storage_uuid":{"type":"string","description":"UUID of the storage used to create this snapshot","description_kind":"plain","required":true},"usage_in_minutes":{"type":"number","description":"Total minutes the object has been running","description_kind":"plain","computed":true}},"description_kind":"plain"}},"gridscale_snapshotschedule":{"version":0,"block":{"attributes":{"change_time":{"type":"string","description":"Defines the date and time of the last object change","description_kind":"plain","computed":true},"create_time":{"type":"string","description":"Defines the date and time the object was initially created","description_kind":"plain","computed":true},"id":{"type":"string","description_kind":"plain","optional":true,"computed":true},"keep_snapshots":{"type":"number","description":"The amount of Snapshots to keep before overwriting the last created Snapshot","description_kind":"plain","computed":true},"labels":{"type":["set","string"],"description":"List of labels.","description_kind":"plain","computed":true},"name":{"type":"string","description":"The human-readable name of the object","description_kind":"plain","computed":true},"next_runtime":{"type":"string","description":"The date and time that the snapshot schedule will be run","description_kind":"plain","computed":true},"resource_id":{"type":"string","description":"ID of a resource","description_kind":"plain","required":true},"run_interval":{"type":"number","description":"The interval at which the schedule will run (in minutes)","description_kind":"plain","computed":true},"snapshot":{"type":["set",["object",{"create_time":"string","name":"string","object_uuid":"string"}]],"description":"Related snapshots","description_kind":"plain","computed":true},"status":{"type":"string","description":"Status indicates the status of the object","description_kind":"plain","computed":true},"storage_uuid":{"type":"string","description":"UUID of the storage used to create snapshots","description_kind":"plain","required":true}},"description_kind":"plain"}},"gridscale_sshkey":{"version":0,"block":{"attributes":{"change_time":{"type":"string","description":"The date and time of the last object change","description_kind":"plain","computed":true},"create_time":{"type":"string","description":"The date and time the object was initially created","description_kind":"plain","computed":true},"id":{"type":"string","description_kind":"plain","optional":true,"computed":true},"labels":{"type":["set","string"],"description":"List of labels.","description_kind":"plain","computed":true},"name":{"type":"string","description":"The human-readable name of the object. It supports the full UTF-8 character set, with a maximum of 64 characters.","description_kind":"plain","computed":true},"resource_id":{"type":"string","description":"ID of a resource","description_kind":"plain","required":true},"sshkey":{"type":"string","description":"sshkey_string is the OpenSSH public key string (all key types are supported =\u003e ed25519, ecdsa, dsa, rsa, rsa1)","description_kind":"plain","computed":true},"status":{"type":"string","description_kind":"plain","computed":true}},"description_kind":"plain"}},"gridscale_ssl_certificate":{"version":0,"block":{"attributes":{"change_time":{"type":"string","description":"The date and time of the last object change.","description_kind":"plain","computed":true},"common_name":{"type":"string","description":"The common domain name of the SSL certificate.","description_kind":"plain","computed":true},"create_time":{"type":"string","description":"The date and time the object was initially created.","description_kind":"plain","computed":true},"fingerprints":{"type":["set",["object",{"md5":"string","sha1":"string","sha256":"string"}]],"description":"Defines a list of unique identifiers generated from the MD5, SHA-1, and SHA-256 fingerprints of the certificate.","description_kind":"plain","computed":true},"id":{"type":"string","description_kind":"plain","optional":true,"computed":true},"labels":{"type":["set","string"],"description":"List of labels.","description_kind":"plain","computed":true},"name":{"type":"string","description":"The human-readable name of the object. It supports the full UTF-8 character set, with a maximum of 64 characters.","description_kind":"plain","computed":true},"not_valid_after":{"type":"string","description":"Defines the date after which the certificate is not valid.","description_kind":"plain","computed":true},"resource_id":{"type":"string","description":"ID of a SSL certificate resource","description_kind":"plain","required":true},"status":{"type":"string","description_kind":"plain","computed":true}},"block_types":{"timeouts":{"nesting_mode":"single","block":{"attributes":{"create":{"type":"string","description_kind":"plain","optional":true},"delete":{"type":"string","description_kind":"plain","optional":true},"update":{"type":"string","description_kind":"plain","optional":true}},"description_kind":"plain"}}},"description_kind":"plain"}},"gridscale_storage":{"version":0,"block":{"attributes":{"capacity":{"type":"number","description":"The capacity of a storage in GB.","description_kind":"plain","computed":true},"change_time":{"type":"string","description":"Defines the date and time of the last object change.","description_kind":"plain","computed":true},"create_time":{"type":"string","description":"Defines the date and time the object was initially created.","description_kind":"plain","computed":true},"current_price":{"type":"number","description_kind":"plain","computed":true},"id":{"type":"string","description_kind":"plain","optional":true,"computed":true},"labels":{"type":["set","string"],"description":"List of labels.","description_kind":"plain","computed":true},"last_used_template":{"type":"string","description_kind":"plain","computed":true},"license_product_no":{"type":"number","description":"If a template has been used that requires a license key (e.g. Windows Servers) this shows the product_no of the license (see the /prices endpoint for more details).","description_kind":"plain","computed":true},"location_country":{"type":"string","description":"Two digit country code (ISO 3166-2) of the location where this object is placed.","description_kind":"plain","computed":true},"location_iata":{"type":"string","description":"Uses IATA airport code, which works as a location identifier.","description_kind":"plain","computed":true},"location_name":{"type":"string","description":"The human-readable name of the location. It supports the full UTF-8 character set, with a maximum of 64 characters.","description_kind":"plain","computed":true},"location_uuid":{"type":"string","description":"The location this object is placed.","description_kind":"plain","computed":true},"name":{"type":"string","description":"The human-readable name of the object. It supports the full UTF-8 character set, with a maximum of 64 characters.","description_kind":"plain","computed":true},"parent_uuid":{"type":"string","description_kind":"plain","computed":true},"resource_id":{"type":"string","description":"ID of a resource","description_kind":"plain","required":true},"status":{"type":"string","description":"status indicates the status of the object.","description_kind":"plain","computed":true},"storage_type":{"type":"string","description":"(one of storage, storage_high, storage_insane)","description_kind":"plain","computed":true},"usage_in_minutes":{"type":"number","description_kind":"plain","computed":true}},"description_kind":"plain"}},"gridscale_template":{"version":0,"block":{"attributes":{"capacity":{"type":"number","description":"The capacity of a storage/ISO image/template/snapshot in GB.","description_kind":"plain","computed":true},"change_time":{"type":"string","description":"The date and time of the last object change.","description_kind":"plain","computed":true},"create_time":{"type":"string","description":"The date and time the object was initially created.","description_kind":"plain","computed":true},"current_price":{"type":"number","description":"Defines the price for the current period since the last bill.","description_kind":"plain","computed":true},"description":{"type":"string","description":"Description of the template.","description_kind":"plain","computed":true},"distro":{"type":"string","description":"The OS distribution that the template contains.","description_kind":"plain","computed":true},"id":{"type":"string","description_kind":"plain","optional":true,"computed":true},"labels":{"type":["set","string"],"description":"List of labels.","description_kind":"plain","optional":true},"license_product_no":{"type":"number","description":"If a template has been used that requires a license key (e.g. Windows Servers) this shows the product_no of the license (see the /prices endpoint for more details).","description_kind":"plain","computed":true},"location_country":{"type":"string","description":"Two digit country code (ISO 3166-2) of the location where this object is placed.","description_kind":"plain","computed":true},"location_iata":{"type":"string","description":"Uses IATA airport code, which works as a location identifier","description_kind":"plain","computed":true},"location_name":{"type":"string","description":"The human-readable name of the location. It supports the full UTF-8 character set, with a maximum of 64 characters","description_kind":"plain","computed":true},"location_uuid":{"type":"string","description":"The location this object is placed.","description_kind":"plain","computed":true},"name":{"type":"string","description":"name of the domain","description_kind":"plain","required":true},"ostype":{"type":"string","description":"The operating system installed in the template","description_kind":"plain","computed":true},"private":{"type":"bool","description":"The object is private, the value will be true. Otherwise the value will be false.","description_kind":"plain","computed":true},"status":{"type":"string","description":"Status indicates the status of the object","description_kind":"plain","computed":true},"usage_in_minutes":{"type":"number","description":"Total minutes the object has been running.","description_kind":"plain","computed":true},"version":{"type":"string","description_kind":"plain","computed":true}},"description_kind":"plain"}}}}}}
